// !$*UTF8*$!
{
	archiveVersion = 1;
	classes = {
	};
	objectVersion = 46;
	objects = {

/* Begin PBXBuildFile section */
		34160FD2187BE39300A8BCF2 /* login_icon.png in Resources */ = {isa = PBXBuildFile; fileRef = 34160FD0187BE39300A8BCF2 /* login_icon.png */; };
		34160FD3187BE39300A8BCF2 /* BtnImg_Login.png in Resources */ = {isa = PBXBuildFile; fileRef = 34160FD1187BE39300A8BCF2 /* BtnImg_Login.png */; };
		34160FD6187BE46A00A8BCF2 /* Login.m in Sources */ = {isa = PBXBuildFile; fileRef = 34160FD5187BE46A00A8BCF2 /* Login.m */; };
		3494FB14187BF63300FF8272 /* LoginStoryboard.storyboard in Resources */ = {isa = PBXBuildFile; fileRef = 3494FB13187BF63300FF8272 /* LoginStoryboard.storyboard */; };
		5B64F6301875BEF1002C0404 /* Foundation.framework in Frameworks */ = {isa = PBXBuildFile; fileRef = 5B64F62F1875BEF0002C0404 /* Foundation.framework */; };
		5B64F6321875BEF1002C0404 /* CoreGraphics.framework in Frameworks */ = {isa = PBXBuildFile; fileRef = 5B64F6311875BEF1002C0404 /* CoreGraphics.framework */; };
		5B64F6341875BEF1002C0404 /* UIKit.framework in Frameworks */ = {isa = PBXBuildFile; fileRef = 5B64F6331875BEF1002C0404 /* UIKit.framework */; };
		5B64F63A1875BEF1002C0404 /* InfoPlist.strings in Resources */ = {isa = PBXBuildFile; fileRef = 5B64F6381875BEF1002C0404 /* InfoPlist.strings */; };
		5B64F63C1875BEF1002C0404 /* main.m in Sources */ = {isa = PBXBuildFile; fileRef = 5B64F63B1875BEF1002C0404 /* main.m */; };
		5B64F6401875BEF1002C0404 /* AppDelegate.m in Sources */ = {isa = PBXBuildFile; fileRef = 5B64F63F1875BEF1002C0404 /* AppDelegate.m */; };
		5B64F6431875BEF3002C0404 /* Main.storyboard in Resources */ = {isa = PBXBuildFile; fileRef = 5B64F6411875BEF3002C0404 /* Main.storyboard */; };
		5B64F6461875BEF3002C0404 /* Home.m in Sources */ = {isa = PBXBuildFile; fileRef = 5B64F6451875BEF3002C0404 /* Home.m */; };
		5B64F6481875BEF4002C0404 /* Images.xcassets in Resources */ = {isa = PBXBuildFile; fileRef = 5B64F6471875BEF4002C0404 /* Images.xcassets */; };
		5B64F64F1875BEF6002C0404 /* XCTest.framework in Frameworks */ = {isa = PBXBuildFile; fileRef = 5B64F64E1875BEF6002C0404 /* XCTest.framework */; };
		5B64F6501875BEF6002C0404 /* Foundation.framework in Frameworks */ = {isa = PBXBuildFile; fileRef = 5B64F62F1875BEF0002C0404 /* Foundation.framework */; };
		5B64F6511875BEF6002C0404 /* UIKit.framework in Frameworks */ = {isa = PBXBuildFile; fileRef = 5B64F6331875BEF1002C0404 /* UIKit.framework */; };
		5B64F6591875BEF6002C0404 /* InfoPlist.strings in Resources */ = {isa = PBXBuildFile; fileRef = 5B64F6571875BEF6002C0404 /* InfoPlist.strings */; };
		5B64F65B1875BEF6002C0404 /* YSJViewerTests.m in Sources */ = {isa = PBXBuildFile; fileRef = 5B64F65A1875BEF6002C0404 /* YSJViewerTests.m */; };
		5B64F6791879437C002C0404 /* YSJ_List_TVC.m in Sources */ = {isa = PBXBuildFile; fileRef = 5B64F6781879437C002C0404 /* YSJ_List_TVC.m */; };
		5B64F67C187962D9002C0404 /* YSJ_InfoMenu.m in Sources */ = {isa = PBXBuildFile; fileRef = 5B64F67B187962D9002C0404 /* YSJ_InfoMenu.m */; };
		5B64F69618797C24002C0404 /* MBProgressHUD.m in Sources */ = {isa = PBXBuildFile; fileRef = 5B64F67F18797C24002C0404 /* MBProgressHUD.m */; };
		5B64F69718797C24002C0404 /* NSData+MKBase64.m in Sources */ = {isa = PBXBuildFile; fileRef = 5B64F68318797C24002C0404 /* NSData+MKBase64.m */; };
		5B64F69818797C24002C0404 /* NSDate+RFC1123.m in Sources */ = {isa = PBXBuildFile; fileRef = 5B64F68518797C24002C0404 /* NSDate+RFC1123.m */; };
		5B64F69918797C24002C0404 /* NSDictionary+RequestEncoding.m in Sources */ = {isa = PBXBuildFile; fileRef = 5B64F68718797C24002C0404 /* NSDictionary+RequestEncoding.m */; };
		5B64F69A18797C24002C0404 /* NSString+MKNetworkKitAdditions.m in Sources */ = {isa = PBXBuildFile; fileRef = 5B64F68918797C24002C0404 /* NSString+MKNetworkKitAdditions.m */; };
		5B64F69B18797C24002C0404 /* UIAlertView+MKNetworkKitAdditions.m in Sources */ = {isa = PBXBuildFile; fileRef = 5B64F68B18797C24002C0404 /* UIAlertView+MKNetworkKitAdditions.m */; };
		5B64F69C18797C24002C0404 /* UIImageView+MKNetworkKitAdditions.m in Sources */ = {isa = PBXBuildFile; fileRef = 5B64F68D18797C24002C0404 /* UIImageView+MKNetworkKitAdditions.m */; };
		5B64F69D18797C24002C0404 /* MKNetworkEngine.m in Sources */ = {isa = PBXBuildFile; fileRef = 5B64F68F18797C24002C0404 /* MKNetworkEngine.m */; };
		5B64F69E18797C24002C0404 /* MKNetworkOperation.m in Sources */ = {isa = PBXBuildFile; fileRef = 5B64F69218797C24002C0404 /* MKNetworkOperation.m */; };
		5B64F69F18797C24002C0404 /* Reachability.m in Sources */ = {isa = PBXBuildFile; fileRef = 5B64F69518797C24002C0404 /* Reachability.m */; };
		5B64F6A11879853F002C0404 /* CFNetwork.framework in Frameworks */ = {isa = PBXBuildFile; fileRef = 5B64F6A01879853E002C0404 /* CFNetwork.framework */; };
		5B64F6A318798550002C0404 /* SystemConfiguration.framework in Frameworks */ = {isa = PBXBuildFile; fileRef = 5B64F6A218798550002C0404 /* SystemConfiguration.framework */; };
		5B64F6A518798560002C0404 /* Security.framework in Frameworks */ = {isa = PBXBuildFile; fileRef = 5B64F6A418798560002C0404 /* Security.framework */; };
		5B64F6C8187AFA89002C0404 /* background.png in Resources */ = {isa = PBXBuildFile; fileRef = 5B64F6B9187AFA89002C0404 /* background.png */; };
		5B64F6C9187AFA8A002C0404 /* BtnImg_AlarmInfo.png in Resources */ = {isa = PBXBuildFile; fileRef = 5B64F6BA187AFA89002C0404 /* BtnImg_AlarmInfo.png */; };
		5B64F6CA187AFA8A002C0404 /* BtnImg_DeviceMonitor.png in Resources */ = {isa = PBXBuildFile; fileRef = 5B64F6BB187AFA89002C0404 /* BtnImg_DeviceMonitor.png */; };
		5B64F6CB187AFA8A002C0404 /* BtnImg_ReserveService.png in Resources */ = {isa = PBXBuildFile; fileRef = 5B64F6BC187AFA89002C0404 /* BtnImg_ReserveService.png */; };
		5B64F6CC187AFA8A002C0404 /* BtnImg_StorageList.png in Resources */ = {isa = PBXBuildFile; fileRef = 5B64F6BD187AFA89002C0404 /* BtnImg_StorageList.png */; };
		5B64F6CD187AFA8A002C0404 /* BtnImg_SystemSetting.png in Resources */ = {isa = PBXBuildFile; fileRef = 5B64F6BE187AFA89002C0404 /* BtnImg_SystemSetting.png */; };
		5B64F6CE187AFA8A002C0404 /* BtnImg_UserInfo.png in Resources */ = {isa = PBXBuildFile; fileRef = 5B64F6BF187AFA89002C0404 /* BtnImg_UserInfo.png */; };
		5B64F6CF187AFA8A002C0404 /* Icon_HistoryAlarm.png in Resources */ = {isa = PBXBuildFile; fileRef = 5B64F6C0187AFA89002C0404 /* Icon_HistoryAlarm.png */; };
		5B64F6D0187AFA8A002C0404 /* Icon_HistoryData.png in Resources */ = {isa = PBXBuildFile; fileRef = 5B64F6C1187AFA89002C0404 /* Icon_HistoryData.png */; };
		5B64F6D1187AFA8A002C0404 /* Icon_HistoryReserve.png in Resources */ = {isa = PBXBuildFile; fileRef = 5B64F6C2187AFA89002C0404 /* Icon_HistoryReserve.png */; };
		5B64F6D2187AFA8A002C0404 /* Icon_RealTimeData.png in Resources */ = {isa = PBXBuildFile; fileRef = 5B64F6C3187AFA89002C0404 /* Icon_RealTimeData.png */; };
		5B64F6D3187AFA8A002C0404 /* Icon_ReserveService.png in Resources */ = {isa = PBXBuildFile; fileRef = 5B64F6C4187AFA89002C0404 /* Icon_ReserveService.png */; };
		5B64F6D4187AFA8A002C0404 /* Icon_RunRecord.png in Resources */ = {isa = PBXBuildFile; fileRef = 5B64F6C5187AFA89002C0404 /* Icon_RunRecord.png */; };
		5B64F6D5187AFA8A002C0404 /* Icon_ServiceTime.png in Resources */ = {isa = PBXBuildFile; fileRef = 5B64F6C6187AFA89002C0404 /* Icon_ServiceTime.png */; };
		5B64F6D6187AFA8A002C0404 /* Icon_YSJ_List.png in Resources */ = {isa = PBXBuildFile; fileRef = 5B64F6C7187AFA89002C0404 /* Icon_YSJ_List.png */; };
		5B64F6D9187B13CB002C0404 /* RealTimeData.m in Sources */ = {isa = PBXBuildFile; fileRef = 5B64F6D8187B13CB002C0404 /* RealTimeData.m */; };
		5BCE98891881945D00EEA687 /* HistoryData.m in Sources */ = {isa = PBXBuildFile; fileRef = 5BCE98881881945D00EEA687 /* HistoryData.m */; };
		5BE9563A1882E80300AE94AA /* RunRecord.m in Sources */ = {isa = PBXBuildFile; fileRef = 5BE956391882E80300AE94AA /* RunRecord.m */; };
		70A6767A1886B48C0008F78C /* base64.c in Sources */ = {isa = PBXBuildFile; fileRef = 70A676731886B48C0008F78C /* base64.c */; };
		70A6767B1886B48C0008F78C /* NSData+SRB64Additions.m in Sources */ = {isa = PBXBuildFile; fileRef = 70A676761886B48C0008F78C /* NSData+SRB64Additions.m */; };
		70A6767C1886B48C0008F78C /* SRWebSocket.m in Sources */ = {isa = PBXBuildFile; fileRef = 70A676791886B48C0008F78C /* SRWebSocket.m */; };
		70A6767E1886B5D30008F78C /* libicucore.dylib in Frameworks */ = {isa = PBXBuildFile; fileRef = 70A6767D1886B5D20008F78C /* libicucore.dylib */; };
		70A676811886D2480008F78C /* UserInfo.m in Sources */ = {isa = PBXBuildFile; fileRef = 70A676801886D2480008F78C /* UserInfo.m */; };
/* End PBXBuildFile section */

/* Begin PBXContainerItemProxy section */
		5B64F6521875BEF6002C0404 /* PBXContainerItemProxy */ = {
			isa = PBXContainerItemProxy;
			containerPortal = 5B64F6241875BEEC002C0404 /* Project object */;
			proxyType = 1;
			remoteGlobalIDString = 5B64F62B1875BEF0002C0404;
			remoteInfo = YSJViewer;
		};
/* End PBXContainerItemProxy section */

/* Begin PBXFileReference section */
		34160FD0187BE39300A8BCF2 /* login_icon.png */ = {isa = PBXFileReference; lastKnownFileType = image.png; path = login_icon.png; sourceTree = "<group>"; };
		34160FD1187BE39300A8BCF2 /* BtnImg_Login.png */ = {isa = PBXFileReference; lastKnownFileType = image.png; path = BtnImg_Login.png; sourceTree = "<group>"; };
		34160FD4187BE46A00A8BCF2 /* Login.h */ = {isa = PBXFileReference; fileEncoding = 4; lastKnownFileType = sourcecode.c.h; path = Login.h; sourceTree = "<group>"; };
		34160FD5187BE46A00A8BCF2 /* Login.m */ = {isa = PBXFileReference; fileEncoding = 4; lastKnownFileType = sourcecode.c.objc; path = Login.m; sourceTree = "<group>"; };
		3494FB13187BF63300FF8272 /* LoginStoryboard.storyboard */ = {isa = PBXFileReference; fileEncoding = 4; lastKnownFileType = file.storyboard; path = LoginStoryboard.storyboard; sourceTree = "<group>"; };
		5B64F62C1875BEF0002C0404 /* YSJViewer.app */ = {isa = PBXFileReference; explicitFileType = wrapper.application; includeInIndex = 0; path = YSJViewer.app; sourceTree = BUILT_PRODUCTS_DIR; };
		5B64F62F1875BEF0002C0404 /* Foundation.framework */ = {isa = PBXFileReference; lastKnownFileType = wrapper.framework; name = Foundation.framework; path = System/Library/Frameworks/Foundation.framework; sourceTree = SDKROOT; };
		5B64F6311875BEF1002C0404 /* CoreGraphics.framework */ = {isa = PBXFileReference; lastKnownFileType = wrapper.framework; name = CoreGraphics.framework; path = System/Library/Frameworks/CoreGraphics.framework; sourceTree = SDKROOT; };
		5B64F6331875BEF1002C0404 /* UIKit.framework */ = {isa = PBXFileReference; lastKnownFileType = wrapper.framework; name = UIKit.framework; path = System/Library/Frameworks/UIKit.framework; sourceTree = SDKROOT; };
		5B64F6371875BEF1002C0404 /* YSJViewer-Info.plist */ = {isa = PBXFileReference; lastKnownFileType = text.plist.xml; path = "YSJViewer-Info.plist"; sourceTree = "<group>"; };
		5B64F6391875BEF1002C0404 /* en */ = {isa = PBXFileReference; lastKnownFileType = text.plist.strings; name = en; path = en.lproj/InfoPlist.strings; sourceTree = "<group>"; };
		5B64F63B1875BEF1002C0404 /* main.m */ = {isa = PBXFileReference; lastKnownFileType = sourcecode.c.objc; path = main.m; sourceTree = "<group>"; };
		5B64F63D1875BEF1002C0404 /* YSJViewer-Prefix.pch */ = {isa = PBXFileReference; lastKnownFileType = sourcecode.c.h; path = "YSJViewer-Prefix.pch"; sourceTree = "<group>"; };
		5B64F63E1875BEF1002C0404 /* AppDelegate.h */ = {isa = PBXFileReference; lastKnownFileType = sourcecode.c.h; path = AppDelegate.h; sourceTree = "<group>"; };
		5B64F63F1875BEF1002C0404 /* AppDelegate.m */ = {isa = PBXFileReference; lastKnownFileType = sourcecode.c.objc; path = AppDelegate.m; sourceTree = "<group>"; };
		5B64F6421875BEF3002C0404 /* Base */ = {isa = PBXFileReference; lastKnownFileType = file.storyboard; name = Base; path = Base.lproj/Main.storyboard; sourceTree = "<group>"; };
		5B64F6441875BEF3002C0404 /* Home.h */ = {isa = PBXFileReference; lastKnownFileType = sourcecode.c.h; path = Home.h; sourceTree = "<group>"; };
		5B64F6451875BEF3002C0404 /* Home.m */ = {isa = PBXFileReference; lastKnownFileType = sourcecode.c.objc; path = Home.m; sourceTree = "<group>"; };
		5B64F6471875BEF4002C0404 /* Images.xcassets */ = {isa = PBXFileReference; lastKnownFileType = folder.assetcatalog; path = Images.xcassets; sourceTree = "<group>"; };
		5B64F64D1875BEF6002C0404 /* YSJViewerTests.xctest */ = {isa = PBXFileReference; explicitFileType = wrapper.cfbundle; includeInIndex = 0; path = YSJViewerTests.xctest; sourceTree = BUILT_PRODUCTS_DIR; };
		5B64F64E1875BEF6002C0404 /* XCTest.framework */ = {isa = PBXFileReference; lastKnownFileType = wrapper.framework; name = XCTest.framework; path = Library/Frameworks/XCTest.framework; sourceTree = DEVELOPER_DIR; };
		5B64F6561875BEF6002C0404 /* YSJViewerTests-Info.plist */ = {isa = PBXFileReference; lastKnownFileType = text.plist.xml; path = "YSJViewerTests-Info.plist"; sourceTree = "<group>"; };
		5B64F6581875BEF6002C0404 /* en */ = {isa = PBXFileReference; lastKnownFileType = text.plist.strings; name = en; path = en.lproj/InfoPlist.strings; sourceTree = "<group>"; };
		5B64F65A1875BEF6002C0404 /* YSJViewerTests.m */ = {isa = PBXFileReference; lastKnownFileType = sourcecode.c.objc; path = YSJViewerTests.m; sourceTree = "<group>"; };
		5B64F6771879437C002C0404 /* YSJ_List_TVC.h */ = {isa = PBXFileReference; fileEncoding = 4; lastKnownFileType = sourcecode.c.h; path = YSJ_List_TVC.h; sourceTree = "<group>"; };
		5B64F6781879437C002C0404 /* YSJ_List_TVC.m */ = {isa = PBXFileReference; fileEncoding = 4; lastKnownFileType = sourcecode.c.objc; path = YSJ_List_TVC.m; sourceTree = "<group>"; };
		5B64F67A187962D8002C0404 /* YSJ_InfoMenu.h */ = {isa = PBXFileReference; fileEncoding = 4; lastKnownFileType = sourcecode.c.h; path = YSJ_InfoMenu.h; sourceTree = "<group>"; };
		5B64F67B187962D9002C0404 /* YSJ_InfoMenu.m */ = {isa = PBXFileReference; fileEncoding = 4; lastKnownFileType = sourcecode.c.objc; path = YSJ_InfoMenu.m; sourceTree = "<group>"; };
		5B64F67E18797C24002C0404 /* MBProgressHUD.h */ = {isa = PBXFileReference; fileEncoding = 4; lastKnownFileType = sourcecode.c.h; path = MBProgressHUD.h; sourceTree = "<group>"; };
		5B64F67F18797C24002C0404 /* MBProgressHUD.m */ = {isa = PBXFileReference; fileEncoding = 4; lastKnownFileType = sourcecode.c.objc; path = MBProgressHUD.m; sourceTree = "<group>"; };
		5B64F68218797C24002C0404 /* NSData+MKBase64.h */ = {isa = PBXFileReference; fileEncoding = 4; lastKnownFileType = sourcecode.c.h; path = "NSData+MKBase64.h"; sourceTree = "<group>"; };
		5B64F68318797C24002C0404 /* NSData+MKBase64.m */ = {isa = PBXFileReference; fileEncoding = 4; lastKnownFileType = sourcecode.c.objc; path = "NSData+MKBase64.m"; sourceTree = "<group>"; };
		5B64F68418797C24002C0404 /* NSDate+RFC1123.h */ = {isa = PBXFileReference; fileEncoding = 4; lastKnownFileType = sourcecode.c.h; path = "NSDate+RFC1123.h"; sourceTree = "<group>"; };
		5B64F68518797C24002C0404 /* NSDate+RFC1123.m */ = {isa = PBXFileReference; fileEncoding = 4; lastKnownFileType = sourcecode.c.objc; path = "NSDate+RFC1123.m"; sourceTree = "<group>"; };
		5B64F68618797C24002C0404 /* NSDictionary+RequestEncoding.h */ = {isa = PBXFileReference; fileEncoding = 4; lastKnownFileType = sourcecode.c.h; path = "NSDictionary+RequestEncoding.h"; sourceTree = "<group>"; };
		5B64F68718797C24002C0404 /* NSDictionary+RequestEncoding.m */ = {isa = PBXFileReference; fileEncoding = 4; lastKnownFileType = sourcecode.c.objc; path = "NSDictionary+RequestEncoding.m"; sourceTree = "<group>"; };
		5B64F68818797C24002C0404 /* NSString+MKNetworkKitAdditions.h */ = {isa = PBXFileReference; fileEncoding = 4; lastKnownFileType = sourcecode.c.h; path = "NSString+MKNetworkKitAdditions.h"; sourceTree = "<group>"; };
		5B64F68918797C24002C0404 /* NSString+MKNetworkKitAdditions.m */ = {isa = PBXFileReference; fileEncoding = 4; lastKnownFileType = sourcecode.c.objc; path = "NSString+MKNetworkKitAdditions.m"; sourceTree = "<group>"; };
		5B64F68A18797C24002C0404 /* UIAlertView+MKNetworkKitAdditions.h */ = {isa = PBXFileReference; fileEncoding = 4; lastKnownFileType = sourcecode.c.h; path = "UIAlertView+MKNetworkKitAdditions.h"; sourceTree = "<group>"; };
		5B64F68B18797C24002C0404 /* UIAlertView+MKNetworkKitAdditions.m */ = {isa = PBXFileReference; fileEncoding = 4; lastKnownFileType = sourcecode.c.objc; path = "UIAlertView+MKNetworkKitAdditions.m"; sourceTree = "<group>"; };
		5B64F68C18797C24002C0404 /* UIImageView+MKNetworkKitAdditions.h */ = {isa = PBXFileReference; fileEncoding = 4; lastKnownFileType = sourcecode.c.h; path = "UIImageView+MKNetworkKitAdditions.h"; sourceTree = "<group>"; };
		5B64F68D18797C24002C0404 /* UIImageView+MKNetworkKitAdditions.m */ = {isa = PBXFileReference; fileEncoding = 4; lastKnownFileType = sourcecode.c.objc; path = "UIImageView+MKNetworkKitAdditions.m"; sourceTree = "<group>"; };
		5B64F68E18797C24002C0404 /* MKNetworkEngine.h */ = {isa = PBXFileReference; fileEncoding = 4; lastKnownFileType = sourcecode.c.h; path = MKNetworkEngine.h; sourceTree = "<group>"; };
		5B64F68F18797C24002C0404 /* MKNetworkEngine.m */ = {isa = PBXFileReference; fileEncoding = 4; lastKnownFileType = sourcecode.c.objc; path = MKNetworkEngine.m; sourceTree = "<group>"; };
		5B64F69018797C24002C0404 /* MKNetworkKit.h */ = {isa = PBXFileReference; fileEncoding = 4; lastKnownFileType = sourcecode.c.h; path = MKNetworkKit.h; sourceTree = "<group>"; };
		5B64F69118797C24002C0404 /* MKNetworkOperation.h */ = {isa = PBXFileReference; fileEncoding = 4; lastKnownFileType = sourcecode.c.h; path = MKNetworkOperation.h; sourceTree = "<group>"; };
		5B64F69218797C24002C0404 /* MKNetworkOperation.m */ = {isa = PBXFileReference; fileEncoding = 4; lastKnownFileType = sourcecode.c.objc; path = MKNetworkOperation.m; sourceTree = "<group>"; };
		5B64F69418797C24002C0404 /* Reachability.h */ = {isa = PBXFileReference; fileEncoding = 4; lastKnownFileType = sourcecode.c.h; path = Reachability.h; sourceTree = "<group>"; };
		5B64F69518797C24002C0404 /* Reachability.m */ = {isa = PBXFileReference; fileEncoding = 4; lastKnownFileType = sourcecode.c.objc; path = Reachability.m; sourceTree = "<group>"; };
		5B64F6A01879853E002C0404 /* CFNetwork.framework */ = {isa = PBXFileReference; lastKnownFileType = wrapper.framework; name = CFNetwork.framework; path = System/Library/Frameworks/CFNetwork.framework; sourceTree = SDKROOT; };
		5B64F6A218798550002C0404 /* SystemConfiguration.framework */ = {isa = PBXFileReference; lastKnownFileType = wrapper.framework; name = SystemConfiguration.framework; path = System/Library/Frameworks/SystemConfiguration.framework; sourceTree = SDKROOT; };
		5B64F6A418798560002C0404 /* Security.framework */ = {isa = PBXFileReference; lastKnownFileType = wrapper.framework; name = Security.framework; path = System/Library/Frameworks/Security.framework; sourceTree = SDKROOT; };
		5B64F6B9187AFA89002C0404 /* background.png */ = {isa = PBXFileReference; lastKnownFileType = image.png; path = background.png; sourceTree = "<group>"; };
		5B64F6BA187AFA89002C0404 /* BtnImg_AlarmInfo.png */ = {isa = PBXFileReference; lastKnownFileType = image.png; path = BtnImg_AlarmInfo.png; sourceTree = "<group>"; };
		5B64F6BB187AFA89002C0404 /* BtnImg_DeviceMonitor.png */ = {isa = PBXFileReference; lastKnownFileType = image.png; path = BtnImg_DeviceMonitor.png; sourceTree = "<group>"; };
		5B64F6BC187AFA89002C0404 /* BtnImg_ReserveService.png */ = {isa = PBXFileReference; lastKnownFileType = image.png; path = BtnImg_ReserveService.png; sourceTree = "<group>"; };
		5B64F6BD187AFA89002C0404 /* BtnImg_StorageList.png */ = {isa = PBXFileReference; lastKnownFileType = image.png; path = BtnImg_StorageList.png; sourceTree = "<group>"; };
		5B64F6BE187AFA89002C0404 /* BtnImg_SystemSetting.png */ = {isa = PBXFileReference; lastKnownFileType = image.png; path = BtnImg_SystemSetting.png; sourceTree = "<group>"; };
		5B64F6BF187AFA89002C0404 /* BtnImg_UserInfo.png */ = {isa = PBXFileReference; lastKnownFileType = image.png; path = BtnImg_UserInfo.png; sourceTree = "<group>"; };
		5B64F6C0187AFA89002C0404 /* Icon_HistoryAlarm.png */ = {isa = PBXFileReference; lastKnownFileType = image.png; path = Icon_HistoryAlarm.png; sourceTree = "<group>"; };
		5B64F6C1187AFA89002C0404 /* Icon_HistoryData.png */ = {isa = PBXFileReference; lastKnownFileType = image.png; path = Icon_HistoryData.png; sourceTree = "<group>"; };
		5B64F6C2187AFA89002C0404 /* Icon_HistoryReserve.png */ = {isa = PBXFileReference; lastKnownFileType = image.png; path = Icon_HistoryReserve.png; sourceTree = "<group>"; };
		5B64F6C3187AFA89002C0404 /* Icon_RealTimeData.png */ = {isa = PBXFileReference; lastKnownFileType = image.png; path = Icon_RealTimeData.png; sourceTree = "<group>"; };
		5B64F6C4187AFA89002C0404 /* Icon_ReserveService.png */ = {isa = PBXFileReference; lastKnownFileType = image.png; path = Icon_ReserveService.png; sourceTree = "<group>"; };
		5B64F6C5187AFA89002C0404 /* Icon_RunRecord.png */ = {isa = PBXFileReference; lastKnownFileType = image.png; path = Icon_RunRecord.png; sourceTree = "<group>"; };
		5B64F6C6187AFA89002C0404 /* Icon_ServiceTime.png */ = {isa = PBXFileReference; lastKnownFileType = image.png; path = Icon_ServiceTime.png; sourceTree = "<group>"; };
		5B64F6C7187AFA89002C0404 /* Icon_YSJ_List.png */ = {isa = PBXFileReference; lastKnownFileType = image.png; path = Icon_YSJ_List.png; sourceTree = "<group>"; };
		5B64F6D7187B13CB002C0404 /* RealTimeData.h */ = {isa = PBXFileReference; fileEncoding = 4; lastKnownFileType = sourcecode.c.h; path = RealTimeData.h; sourceTree = "<group>"; };
		5B64F6D8187B13CB002C0404 /* RealTimeData.m */ = {isa = PBXFileReference; fileEncoding = 4; lastKnownFileType = sourcecode.c.objc; path = RealTimeData.m; sourceTree = "<group>"; };
		5BCE98871881945D00EEA687 /* HistoryData.h */ = {isa = PBXFileReference; fileEncoding = 4; lastKnownFileType = sourcecode.c.h; path = HistoryData.h; sourceTree = "<group>"; };
		5BCE98881881945D00EEA687 /* HistoryData.m */ = {isa = PBXFileReference; fileEncoding = 4; lastKnownFileType = sourcecode.c.objc; path = HistoryData.m; sourceTree = "<group>"; };
		5BE956381882E80300AE94AA /* RunRecord.h */ = {isa = PBXFileReference; fileEncoding = 4; lastKnownFileType = sourcecode.c.h; path = RunRecord.h; sourceTree = "<group>"; };
		5BE956391882E80300AE94AA /* RunRecord.m */ = {isa = PBXFileReference; fileEncoding = 4; lastKnownFileType = sourcecode.c.objc; path = RunRecord.m; sourceTree = "<group>"; };
		70A676731886B48C0008F78C /* base64.c */ = {isa = PBXFileReference; fileEncoding = 4; lastKnownFileType = sourcecode.c.c; path = base64.c; sourceTree = "<group>"; };
		70A676741886B48C0008F78C /* base64.h */ = {isa = PBXFileReference; fileEncoding = 4; lastKnownFileType = sourcecode.c.h; path = base64.h; sourceTree = "<group>"; };
		70A676751886B48C0008F78C /* NSData+SRB64Additions.h */ = {isa = PBXFileReference; fileEncoding = 4; lastKnownFileType = sourcecode.c.h; path = "NSData+SRB64Additions.h"; sourceTree = "<group>"; };
		70A676761886B48C0008F78C /* NSData+SRB64Additions.m */ = {isa = PBXFileReference; fileEncoding = 4; lastKnownFileType = sourcecode.c.objc; path = "NSData+SRB64Additions.m"; sourceTree = "<group>"; };
		70A676771886B48C0008F78C /* SocketRocket-Prefix.pch */ = {isa = PBXFileReference; fileEncoding = 4; lastKnownFileType = sourcecode.c.h; path = "SocketRocket-Prefix.pch"; sourceTree = "<group>"; };
		70A676781886B48C0008F78C /* SRWebSocket.h */ = {isa = PBXFileReference; fileEncoding = 4; lastKnownFileType = sourcecode.c.h; path = SRWebSocket.h; sourceTree = "<group>"; };
		70A676791886B48C0008F78C /* SRWebSocket.m */ = {isa = PBXFileReference; fileEncoding = 4; lastKnownFileType = sourcecode.c.objc; path = SRWebSocket.m; sourceTree = "<group>"; };
		70A6767D1886B5D20008F78C /* libicucore.dylib */ = {isa = PBXFileReference; lastKnownFileType = "compiled.mach-o.dylib"; name = libicucore.dylib; path = usr/lib/libicucore.dylib; sourceTree = SDKROOT; };
		70A6767F1886D2480008F78C /* UserInfo.h */ = {isa = PBXFileReference; fileEncoding = 4; lastKnownFileType = sourcecode.c.h; path = UserInfo.h; sourceTree = "<group>"; };
		70A676801886D2480008F78C /* UserInfo.m */ = {isa = PBXFileReference; fileEncoding = 4; lastKnownFileType = sourcecode.c.objc; path = UserInfo.m; sourceTree = "<group>"; };
/* End PBXFileReference section */

/* Begin PBXFrameworksBuildPhase section */
		5B64F6291875BEF0002C0404 /* Frameworks */ = {
			isa = PBXFrameworksBuildPhase;
			buildActionMask = 2147483647;
			files = (
				70A6767E1886B5D30008F78C /* libicucore.dylib in Frameworks */,
				5B64F6A518798560002C0404 /* Security.framework in Frameworks */,
				5B64F6A318798550002C0404 /* SystemConfiguration.framework in Frameworks */,
				5B64F6A11879853F002C0404 /* CFNetwork.framework in Frameworks */,
				5B64F6321875BEF1002C0404 /* CoreGraphics.framework in Frameworks */,
				5B64F6341875BEF1002C0404 /* UIKit.framework in Frameworks */,
				5B64F6301875BEF1002C0404 /* Foundation.framework in Frameworks */,
			);
			runOnlyForDeploymentPostprocessing = 0;
		};
		5B64F64A1875BEF6002C0404 /* Frameworks */ = {
			isa = PBXFrameworksBuildPhase;
			buildActionMask = 2147483647;
			files = (
				5B64F64F1875BEF6002C0404 /* XCTest.framework in Frameworks */,
				5B64F6511875BEF6002C0404 /* UIKit.framework in Frameworks */,
				5B64F6501875BEF6002C0404 /* Foundation.framework in Frameworks */,
			);
			runOnlyForDeploymentPostprocessing = 0;
		};
/* End PBXFrameworksBuildPhase section */

/* Begin PBXGroup section */
		5B64F6231875BEEC002C0404 = {
			isa = PBXGroup;
			children = (
				70A676721886B48C0008F78C /* SocketRocket */,
				5B64F67D18797C24002C0404 /* MBProgressHUD */,
				5B64F68018797C24002C0404 /* MKNetworkKit */,
				5B64F6351875BEF1002C0404 /* YSJViewer */,
				5B64F6B8187AFA89002C0404 /* Resource */,
				5B64F6541875BEF6002C0404 /* YSJViewerTests */,
				5B64F62E1875BEF0002C0404 /* Frameworks */,
				5B64F62D1875BEF0002C0404 /* Products */,
			);
			sourceTree = "<group>";
		};
		5B64F62D1875BEF0002C0404 /* Products */ = {
			isa = PBXGroup;
			children = (
				5B64F62C1875BEF0002C0404 /* YSJViewer.app */,
				5B64F64D1875BEF6002C0404 /* YSJViewerTests.xctest */,
			);
			name = Products;
			sourceTree = "<group>";
		};
		5B64F62E1875BEF0002C0404 /* Frameworks */ = {
			isa = PBXGroup;
			children = (
				70A6767D1886B5D20008F78C /* libicucore.dylib */,
				5B64F6A418798560002C0404 /* Security.framework */,
				5B64F6A218798550002C0404 /* SystemConfiguration.framework */,
				5B64F6A01879853E002C0404 /* CFNetwork.framework */,
				5B64F62F1875BEF0002C0404 /* Foundation.framework */,
				5B64F6311875BEF1002C0404 /* CoreGraphics.framework */,
				5B64F6331875BEF1002C0404 /* UIKit.framework */,
				5B64F64E1875BEF6002C0404 /* XCTest.framework */,
			);
			name = Frameworks;
			sourceTree = "<group>";
		};
		5B64F6351875BEF1002C0404 /* YSJViewer */ = {
			isa = PBXGroup;
			children = (
				5B64F63E1875BEF1002C0404 /* AppDelegate.h */,
				5B64F63F1875BEF1002C0404 /* AppDelegate.m */,
				5B64F6411875BEF3002C0404 /* Main.storyboard */,
				3494FB13187BF63300FF8272 /* LoginStoryboard.storyboard */,
				34160FD4187BE46A00A8BCF2 /* Login.h */,
				34160FD5187BE46A00A8BCF2 /* Login.m */,
				5B64F6441875BEF3002C0404 /* Home.h */,
				5B64F6451875BEF3002C0404 /* Home.m */,
				5B64F6771879437C002C0404 /* YSJ_List_TVC.h */,
				5B64F6781879437C002C0404 /* YSJ_List_TVC.m */,
				5B64F67A187962D8002C0404 /* YSJ_InfoMenu.h */,
				5B64F67B187962D9002C0404 /* YSJ_InfoMenu.m */,
				5B64F6D7187B13CB002C0404 /* RealTimeData.h */,
				5B64F6D8187B13CB002C0404 /* RealTimeData.m */,
				5BE956381882E80300AE94AA /* RunRecord.h */,
				5BE956391882E80300AE94AA /* RunRecord.m */,
				5BCE98871881945D00EEA687 /* HistoryData.h */,
				5BCE98881881945D00EEA687 /* HistoryData.m */,
				70A6767F1886D2480008F78C /* UserInfo.h */,
				70A676801886D2480008F78C /* UserInfo.m */,
				5B64F6471875BEF4002C0404 /* Images.xcassets */,
				5B64F6361875BEF1002C0404 /* Supporting Files */,
			);
			path = YSJViewer;
			sourceTree = "<group>";
		};
		5B64F6361875BEF1002C0404 /* Supporting Files */ = {
			isa = PBXGroup;
			children = (
				5B64F6371875BEF1002C0404 /* YSJViewer-Info.plist */,
				5B64F6381875BEF1002C0404 /* InfoPlist.strings */,
				5B64F63B1875BEF1002C0404 /* main.m */,
				5B64F63D1875BEF1002C0404 /* YSJViewer-Prefix.pch */,
			);
			name = "Supporting Files";
			sourceTree = "<group>";
		};
		5B64F6541875BEF6002C0404 /* YSJViewerTests */ = {
			isa = PBXGroup;
			children = (
				5B64F65A1875BEF6002C0404 /* YSJViewerTests.m */,
				5B64F6551875BEF6002C0404 /* Supporting Files */,
			);
			path = YSJViewerTests;
			sourceTree = "<group>";
		};
		5B64F6551875BEF6002C0404 /* Supporting Files */ = {
			isa = PBXGroup;
			children = (
				5B64F6561875BEF6002C0404 /* YSJViewerTests-Info.plist */,
				5B64F6571875BEF6002C0404 /* InfoPlist.strings */,
			);
			name = "Supporting Files";
			sourceTree = "<group>";
		};
		5B64F67D18797C24002C0404 /* MBProgressHUD */ = {
			isa = PBXGroup;
			children = (
				5B64F67E18797C24002C0404 /* MBProgressHUD.h */,
				5B64F67F18797C24002C0404 /* MBProgressHUD.m */,
			);
			path = MBProgressHUD;
			sourceTree = "<group>";
		};
		5B64F68018797C24002C0404 /* MKNetworkKit */ = {
			isa = PBXGroup;
			children = (
				5B64F68118797C24002C0404 /* Categories */,
				5B64F68E18797C24002C0404 /* MKNetworkEngine.h */,
				5B64F68F18797C24002C0404 /* MKNetworkEngine.m */,
				5B64F69018797C24002C0404 /* MKNetworkKit.h */,
				5B64F69118797C24002C0404 /* MKNetworkOperation.h */,
				5B64F69218797C24002C0404 /* MKNetworkOperation.m */,
				5B64F69318797C24002C0404 /* Reachability */,
			);
			path = MKNetworkKit;
			sourceTree = "<group>";
		};
		5B64F68118797C24002C0404 /* Categories */ = {
			isa = PBXGroup;
			children = (
				5B64F68218797C24002C0404 /* NSData+MKBase64.h */,
				5B64F68318797C24002C0404 /* NSData+MKBase64.m */,
				5B64F68418797C24002C0404 /* NSDate+RFC1123.h */,
				5B64F68518797C24002C0404 /* NSDate+RFC1123.m */,
				5B64F68618797C24002C0404 /* NSDictionary+RequestEncoding.h */,
				5B64F68718797C24002C0404 /* NSDictionary+RequestEncoding.m */,
				5B64F68818797C24002C0404 /* NSString+MKNetworkKitAdditions.h */,
				5B64F68918797C24002C0404 /* NSString+MKNetworkKitAdditions.m */,
				5B64F68A18797C24002C0404 /* UIAlertView+MKNetworkKitAdditions.h */,
				5B64F68B18797C24002C0404 /* UIAlertView+MKNetworkKitAdditions.m */,
				5B64F68C18797C24002C0404 /* UIImageView+MKNetworkKitAdditions.h */,
				5B64F68D18797C24002C0404 /* UIImageView+MKNetworkKitAdditions.m */,
			);
			path = Categories;
			sourceTree = "<group>";
		};
		5B64F69318797C24002C0404 /* Reachability */ = {
			isa = PBXGroup;
			children = (
				5B64F69418797C24002C0404 /* Reachability.h */,
				5B64F69518797C24002C0404 /* Reachability.m */,
			);
			path = Reachability;
			sourceTree = "<group>";
		};
		5B64F6B8187AFA89002C0404 /* Resource */ = {
			isa = PBXGroup;
			children = (
				34160FD0187BE39300A8BCF2 /* login_icon.png */,
				34160FD1187BE39300A8BCF2 /* BtnImg_Login.png */,
				5B64F6B9187AFA89002C0404 /* background.png */,
				5B64F6BA187AFA89002C0404 /* BtnImg_AlarmInfo.png */,
				5B64F6BB187AFA89002C0404 /* BtnImg_DeviceMonitor.png */,
				5B64F6BC187AFA89002C0404 /* BtnImg_ReserveService.png */,
				5B64F6BD187AFA89002C0404 /* BtnImg_StorageList.png */,
				5B64F6BE187AFA89002C0404 /* BtnImg_SystemSetting.png */,
				5B64F6BF187AFA89002C0404 /* BtnImg_UserInfo.png */,
				5B64F6C0187AFA89002C0404 /* Icon_HistoryAlarm.png */,
				5B64F6C1187AFA89002C0404 /* Icon_HistoryData.png */,
				5B64F6C2187AFA89002C0404 /* Icon_HistoryReserve.png */,
				5B64F6C3187AFA89002C0404 /* Icon_RealTimeData.png */,
				5B64F6C4187AFA89002C0404 /* Icon_ReserveService.png */,
				5B64F6C5187AFA89002C0404 /* Icon_RunRecord.png */,
				5B64F6C6187AFA89002C0404 /* Icon_ServiceTime.png */,
				5B64F6C7187AFA89002C0404 /* Icon_YSJ_List.png */,
			);
			name = Resource;
			path = YSJViewer/Resource;
			sourceTree = "<group>";
		};
		70A676721886B48C0008F78C /* SocketRocket */ = {
			isa = PBXGroup;
			children = (
				70A676731886B48C0008F78C /* base64.c */,
				70A676741886B48C0008F78C /* base64.h */,
				70A676751886B48C0008F78C /* NSData+SRB64Additions.h */,
				70A676761886B48C0008F78C /* NSData+SRB64Additions.m */,
				70A676771886B48C0008F78C /* SocketRocket-Prefix.pch */,
				70A676781886B48C0008F78C /* SRWebSocket.h */,
				70A676791886B48C0008F78C /* SRWebSocket.m */,
			);
			path = SocketRocket;
			sourceTree = "<group>";
		};
/* End PBXGroup section */

/* Begin PBXNativeTarget section */
		5B64F62B1875BEF0002C0404 /* YSJViewer */ = {
			isa = PBXNativeTarget;
			buildConfigurationList = 5B64F65E1875BEF7002C0404 /* Build configuration list for PBXNativeTarget "YSJViewer" */;
			buildPhases = (
				5B64F6281875BEF0002C0404 /* Sources */,
				5B64F6291875BEF0002C0404 /* Frameworks */,
				5B64F62A1875BEF0002C0404 /* Resources */,
			);
			buildRules = (
			);
			dependencies = (
			);
			name = YSJViewer;
			productName = YSJViewer;
			productReference = 5B64F62C1875BEF0002C0404 /* YSJViewer.app */;
			productType = "com.apple.product-type.application";
		};
		5B64F64C1875BEF6002C0404 /* YSJViewerTests */ = {
			isa = PBXNativeTarget;
			buildConfigurationList = 5B64F6611875BEF7002C0404 /* Build configuration list for PBXNativeTarget "YSJViewerTests" */;
			buildPhases = (
				5B64F6491875BEF6002C0404 /* Sources */,
				5B64F64A1875BEF6002C0404 /* Frameworks */,
				5B64F64B1875BEF6002C0404 /* Resources */,
			);
			buildRules = (
			);
			dependencies = (
				5B64F6531875BEF6002C0404 /* PBXTargetDependency */,
			);
			name = YSJViewerTests;
			productName = YSJViewerTests;
			productReference = 5B64F64D1875BEF6002C0404 /* YSJViewerTests.xctest */;
			productType = "com.apple.product-type.bundle.unit-test";
		};
/* End PBXNativeTarget section */

/* Begin PBXProject section */
		5B64F6241875BEEC002C0404 /* Project object */ = {
			isa = PBXProject;
			attributes = {
				LastUpgradeCheck = 0500;
				ORGANIZATIONNAME = "Reload Digital Tech.";
				TargetAttributes = {
					5B64F64C1875BEF6002C0404 = {
						TestTargetID = 5B64F62B1875BEF0002C0404;
					};
				};
			};
			buildConfigurationList = 5B64F6271875BEEE002C0404 /* Build configuration list for PBXProject "YSJViewer" */;
			compatibilityVersion = "Xcode 3.2";
			developmentRegion = English;
			hasScannedForEncodings = 0;
			knownRegions = (
				en,
				Base,
			);
			mainGroup = 5B64F6231875BEEC002C0404;
			productRefGroup = 5B64F62D1875BEF0002C0404 /* Products */;
			projectDirPath = "";
			projectRoot = "";
			targets = (
				5B64F62B1875BEF0002C0404 /* YSJViewer */,
				5B64F64C1875BEF6002C0404 /* YSJViewerTests */,
			);
		};
/* End PBXProject section */

/* Begin PBXResourcesBuildPhase section */
		5B64F62A1875BEF0002C0404 /* Resources */ = {
			isa = PBXResourcesBuildPhase;
			buildActionMask = 2147483647;
			files = (
				5B64F6481875BEF4002C0404 /* Images.xcassets in Resources */,
				34160FD3187BE39300A8BCF2 /* BtnImg_Login.png in Resources */,
				5B64F6D4187AFA8A002C0404 /* Icon_RunRecord.png in Resources */,
				5B64F6CF187AFA8A002C0404 /* Icon_HistoryAlarm.png in Resources */,
				5B64F6C8187AFA89002C0404 /* background.png in Resources */,
				5B64F6CC187AFA8A002C0404 /* BtnImg_StorageList.png in Resources */,
				5B64F63A1875BEF1002C0404 /* InfoPlist.strings in Resources */,
				5B64F6C9187AFA8A002C0404 /* BtnImg_AlarmInfo.png in Resources */,
				5B64F6CB187AFA8A002C0404 /* BtnImg_ReserveService.png in Resources */,
				5B64F6D3187AFA8A002C0404 /* Icon_ReserveService.png in Resources */,
				5B64F6431875BEF3002C0404 /* Main.storyboard in Resources */,
				5B64F6CE187AFA8A002C0404 /* BtnImg_UserInfo.png in Resources */,
				5B64F6CA187AFA8A002C0404 /* BtnImg_DeviceMonitor.png in Resources */,
				5B64F6CD187AFA8A002C0404 /* BtnImg_SystemSetting.png in Resources */,
				5B64F6D6187AFA8A002C0404 /* Icon_YSJ_List.png in Resources */,
				34160FD2187BE39300A8BCF2 /* login_icon.png in Resources */,
				5B64F6D2187AFA8A002C0404 /* Icon_RealTimeData.png in Resources */,
				5B64F6D5187AFA8A002C0404 /* Icon_ServiceTime.png in Resources */,
				3494FB14187BF63300FF8272 /* LoginStoryboard.storyboard in Resources */,
				5B64F6D0187AFA8A002C0404 /* Icon_HistoryData.png in Resources */,
				5B64F6D1187AFA8A002C0404 /* Icon_HistoryReserve.png in Resources */,
			);
			runOnlyForDeploymentPostprocessing = 0;
		};
		5B64F64B1875BEF6002C0404 /* Resources */ = {
			isa = PBXResourcesBuildPhase;
			buildActionMask = 2147483647;
			files = (
				5B64F6591875BEF6002C0404 /* InfoPlist.strings in Resources */,
			);
			runOnlyForDeploymentPostprocessing = 0;
		};
/* End PBXResourcesBuildPhase section */

/* Begin PBXSourcesBuildPhase section */
		5B64F6281875BEF0002C0404 /* Sources */ = {
			isa = PBXSourcesBuildPhase;
			buildActionMask = 2147483647;
			files = (
				5BCE98891881945D00EEA687 /* HistoryData.m in Sources */,
				5B64F6461875BEF3002C0404 /* Home.m in Sources */,
				5B64F69918797C24002C0404 /* NSDictionary+RequestEncoding.m in Sources */,
				5B64F69D18797C24002C0404 /* MKNetworkEngine.m in Sources */,
				5B64F69C18797C24002C0404 /* UIImageView+MKNetworkKitAdditions.m in Sources */,
				5B64F69F18797C24002C0404 /* Reachability.m in Sources */,
				5BE9563A1882E80300AE94AA /* RunRecord.m in Sources */,
				34160FD6187BE46A00A8BCF2 /* Login.m in Sources */,
				70A676811886D2480008F78C /* UserInfo.m in Sources */,
				5B64F69B18797C24002C0404 /* UIAlertView+MKNetworkKitAdditions.m in Sources */,
				5B64F6D9187B13CB002C0404 /* RealTimeData.m in Sources */,
				70A6767A1886B48C0008F78C /* base64.c in Sources */,
				5B64F69618797C24002C0404 /* MBProgressHUD.m in Sources */,
				5B64F67C187962D9002C0404 /* YSJ_InfoMenu.m in Sources */,
				5B64F6401875BEF1002C0404 /* AppDelegate.m in Sources */,
				5B64F6791879437C002C0404 /* YSJ_List_TVC.m in Sources */,
				70A6767B1886B48C0008F78C /* NSData+SRB64Additions.m in Sources */,
				70A6767C1886B48C0008F78C /* SRWebSocket.m in Sources */,
				5B64F69718797C24002C0404 /* NSData+MKBase64.m in Sources */,
				5B64F69E18797C24002C0404 /* MKNetworkOperation.m in Sources */,
				5B64F63C1875BEF1002C0404 /* main.m in Sources */,
				5B64F69A18797C24002C0404 /* NSString+MKNetworkKitAdditions.m in Sources */,
				5B64F69818797C24002C0404 /* NSDate+RFC1123.m in Sources */,
			);
			runOnlyForDeploymentPostprocessing = 0;
		};
		5B64F6491875BEF6002C0404 /* Sources */ = {
			isa = PBXSourcesBuildPhase;
			buildActionMask = 2147483647;
			files = (
				5B64F65B1875BEF6002C0404 /* YSJViewerTests.m in Sources */,
			);
			runOnlyForDeploymentPostprocessing = 0;
		};
/* End PBXSourcesBuildPhase section */

/* Begin PBXTargetDependency section */
		5B64F6531875BEF6002C0404 /* PBXTargetDependency */ = {
			isa = PBXTargetDependency;
			target = 5B64F62B1875BEF0002C0404 /* YSJViewer */;
			targetProxy = 5B64F6521875BEF6002C0404 /* PBXContainerItemProxy */;
		};
/* End PBXTargetDependency section */

/* Begin PBXVariantGroup section */
		5B64F6381875BEF1002C0404 /* InfoPlist.strings */ = {
			isa = PBXVariantGroup;
			children = (
				5B64F6391875BEF1002C0404 /* en */,
			);
			name = InfoPlist.strings;
			sourceTree = "<group>";
		};
		5B64F6411875BEF3002C0404 /* Main.storyboard */ = {
			isa = PBXVariantGroup;
			children = (
				5B64F6421875BEF3002C0404 /* Base */,
			);
			name = Main.storyboard;
			sourceTree = "<group>";
		};
		5B64F6571875BEF6002C0404 /* InfoPlist.strings */ = {
			isa = PBXVariantGroup;
			children = (
				5B64F6581875BEF6002C0404 /* en */,
			);
			name = InfoPlist.strings;
			sourceTree = "<group>";
		};
/* End PBXVariantGroup section */

/* Begin XCBuildConfiguration section */
		5B64F65C1875BEF7002C0404 /* Debug */ = {
			isa = XCBuildConfiguration;
			buildSettings = {
				ALWAYS_SEARCH_USER_PATHS = NO;
				ARCHS = "$(ARCHS_STANDARD_INCLUDING_64_BIT)";
				CLANG_CXX_LANGUAGE_STANDARD = "gnu++0x";
				CLANG_CXX_LIBRARY = "libc++";
				CLANG_ENABLE_MODULES = YES;
				CLANG_ENABLE_OBJC_ARC = YES;
				CLANG_WARN_BOOL_CONVERSION = YES;
				CLANG_WARN_CONSTANT_CONVERSION = YES;
				CLANG_WARN_DIRECT_OBJC_ISA_USAGE = YES_ERROR;
				CLANG_WARN_EMPTY_BODY = YES;
				CLANG_WARN_ENUM_CONVERSION = YES;
				CLANG_WARN_INT_CONVERSION = YES;
				CLANG_WARN_OBJC_ROOT_CLASS = YES_ERROR;
				CLANG_WARN__DUPLICATE_METHOD_MATCH = YES;
				"CODE_SIGN_IDENTITY[sdk=iphoneos*]" = "iPhone Developer";
				COPY_PHASE_STRIP = NO;
				GCC_C_LANGUAGE_STANDARD = gnu99;
				GCC_DYNAMIC_NO_PIC = NO;
				GCC_OPTIMIZATION_LEVEL = 0;
				GCC_PREPROCESSOR_DEFINITIONS = (
					"DEBUG=1",
					"$(inherited)",
				);
				GCC_SYMBOLS_PRIVATE_EXTERN = NO;
				GCC_WARN_64_TO_32_BIT_CONVERSION = YES;
				GCC_WARN_ABOUT_RETURN_TYPE = YES_ERROR;
				GCC_WARN_UNDECLARED_SELECTOR = YES;
				GCC_WARN_UNINITIALIZED_AUTOS = YES;
				GCC_WARN_UNUSED_FUNCTION = YES;
				GCC_WARN_UNUSED_VARIABLE = YES;
				IPHONEOS_DEPLOYMENT_TARGET = 6.0;
				ONLY_ACTIVE_ARCH = YES;
				SDKROOT = iphoneos;
			};
			name = Debug;
		};
		5B64F65D1875BEF7002C0404 /* Release */ = {
			isa = XCBuildConfiguration;
			buildSettings = {
				ALWAYS_SEARCH_USER_PATHS = NO;
				ARCHS = "$(ARCHS_STANDARD_INCLUDING_64_BIT)";
				CLANG_CXX_LANGUAGE_STANDARD = "gnu++0x";
				CLANG_CXX_LIBRARY = "libc++";
				CLANG_ENABLE_MODULES = YES;
				CLANG_ENABLE_OBJC_ARC = YES;
				CLANG_WARN_BOOL_CONVERSION = YES;
				CLANG_WARN_CONSTANT_CONVERSION = YES;
				CLANG_WARN_DIRECT_OBJC_ISA_USAGE = YES_ERROR;
				CLANG_WARN_EMPTY_BODY = YES;
				CLANG_WARN_ENUM_CONVERSION = YES;
				CLANG_WARN_INT_CONVERSION = YES;
				CLANG_WARN_OBJC_ROOT_CLASS = YES_ERROR;
				CLANG_WARN__DUPLICATE_METHOD_MATCH = YES;
				"CODE_SIGN_IDENTITY[sdk=iphoneos*]" = "iPhone Distribution";
				COPY_PHASE_STRIP = YES;
				ENABLE_NS_ASSERTIONS = NO;
				GCC_C_LANGUAGE_STANDARD = gnu99;
				GCC_WARN_64_TO_32_BIT_CONVERSION = YES;
				GCC_WARN_ABOUT_RETURN_TYPE = YES_ERROR;
				GCC_WARN_UNDECLARED_SELECTOR = YES;
				GCC_WARN_UNINITIALIZED_AUTOS = YES;
				GCC_WARN_UNUSED_FUNCTION = YES;
				GCC_WARN_UNUSED_VARIABLE = YES;
				IPHONEOS_DEPLOYMENT_TARGET = 6.0;
				SDKROOT = iphoneos;
				VALIDATE_PRODUCT = YES;
			};
			name = Release;
		};
		5B64F65F1875BEF7002C0404 /* Debug */ = {
			isa = XCBuildConfiguration;
			buildSettings = {
				ASSETCATALOG_COMPILER_APPICON_NAME = AppIcon;
				ASSETCATALOG_COMPILER_LAUNCHIMAGE_NAME = LaunchImage;
				GCC_PRECOMPILE_PREFIX_HEADER = YES;
				GCC_PREFIX_HEADER = "YSJViewer/YSJViewer-Prefix.pch";
				INFOPLIST_FILE = "YSJViewer/YSJViewer-Info.plist";
				PRODUCT_NAME = "$(TARGET_NAME)";
				WRAPPER_EXTENSION = app;
			};
			name = Debug;
		};
		5B64F6601875BEF7002C0404 /* Release */ = {
			isa = XCBuildConfiguration;
			buildSettings = {
				ASSETCATALOG_COMPILER_APPICON_NAME = AppIcon;
				ASSETCATALOG_COMPILER_LAUNCHIMAGE_NAME = LaunchImage;
				GCC_PRECOMPILE_PREFIX_HEADER = YES;
				GCC_PREFIX_HEADER = "YSJViewer/YSJViewer-Prefix.pch";
				INFOPLIST_FILE = "YSJViewer/YSJViewer-Info.plist";
				PRODUCT_NAME = "$(TARGET_NAME)";
				WRAPPER_EXTENSION = app;
			};
			name = Release;
		};
		5B64F6621875BEF7002C0404 /* Debug */ = {
			isa = XCBuildConfiguration;
			buildSettings = {
				ARCHS = "$(ARCHS_STANDARD_INCLUDING_64_BIT)";
				BUNDLE_LOADER = "$(BUILT_PRODUCTS_DIR)/YSJViewer.app/YSJViewer";
				FRAMEWORK_SEARCH_PATHS = (
					"$(SDKROOT)/Developer/Library/Frameworks",
					"$(inherited)",
					"$(DEVELOPER_FRAMEWORKS_DIR)",
				);
				GCC_PRECOMPILE_PREFIX_HEADER = YES;
				GCC_PREFIX_HEADER = "YSJViewer/YSJViewer-Prefix.pch";
				GCC_PREPROCESSOR_DEFINITIONS = (
					"DEBUG=1",
					"$(inherited)",
				);
				INFOPLIST_FILE = "YSJViewerTests/YSJViewerTests-Info.plist";
				PRODUCT_NAME = "$(TARGET_NAME)";
				TEST_HOST = "$(BUNDLE_LOADER)";
				WRAPPER_EXTENSION = xctest;
			};
			name = Debug;
		};
		5B64F6631875BEF7002C0404 /* Release */ = {
			isa = XCBuildConfiguration;
			buildSettings = {
				ARCHS = "$(ARCHS_STANDARD_INCLUDING_64_BIT)";
				BUNDLE_LOADER = "$(BUILT_PRODUCTS_DIR)/YSJViewer.app/YSJViewer";
				FRAMEWORK_SEARCH_PATHS = (
					"$(SDKROOT)/Developer/Library/Frameworks",
					"$(inherited)",
					"$(DEVELOPER_FRAMEWORKS_DIR)",
				);
				GCC_PRECOMPILE_PREFIX_HEADER = YES;
				GCC_PREFIX_HEADER = "YSJViewer/YSJViewer-Prefix.pch";
				INFOPLIST_FILE = "YSJViewerTests/YSJViewerTests-Info.plist";
				PRODUCT_NAME = "$(TARGET_NAME)";
				TEST_HOST = "$(BUNDLE_LOADER)";
				WRAPPER_EXTENSION = xctest;
			};
			name = Release;
		};
/* End XCBuildConfiguration section */

/* Begin XCConfigurationList section */
		5B64F6271875BEEE002C0404 /* Build configuration list for PBXProject "YSJViewer" */ = {
			isa = XCConfigurationList;
			buildConfigurations = (
				5B64F65C1875BEF7002C0404 /* Debug */,
				5B64F65D1875BEF7002C0404 /* Release */,
			);
			defaultConfigurationIsVisible = 0;
			defaultConfigurationName = Release;
		};
		5B64F65E1875BEF7002C0404 /* Build configuration list for PBXNativeTarget "YSJViewer" */ = {
			isa = XCConfigurationList;
			buildConfigurations = (
				5B64F65F1875BEF7002C0404 /* Debug */,
				5B64F6601875BEF7002C0404 /* Release */,
			);
			defaultConfigurationIsVisible = 0;
			defaultConfigurationName = Release;
		};
		5B64F6611875BEF7002C0404 /* Build configuration list for PBXNativeTarget "YSJViewerTests" */ = {
			isa = XCConfigurationList;
			buildConfigurations = (
				5B64F6621875BEF7002C0404 /* Debug */,
				5B64F6631875BEF7002C0404 /* Release */,
			);
			defaultConfigurationIsVisible = 0;
			defaultConfigurationName = Release;
		};
/* End XCConfigurationList section */
	};
	rootObject = 5B64F6241875BEEC002C0404 /* Project object */;
}
