// !$*UTF8*$!
{
	archiveVersion = 1;
	classes = {
	};
	objectVersion = 46;
	objects = {

/* Begin PBXBuildFile section */
		34160FD2187BE39300A8BCF2 /* login_icon.png in Resources */ = {isa = PBXBuildFile; fileRef = 34160FD0187BE39300A8BCF2 /* login_icon.png */; };
		34160FD3187BE39300A8BCF2 /* BtnImg_Login.png in Resources */ = {isa = PBXBuildFile; fileRef = 34160FD1187BE39300A8BCF2 /* BtnImg_Login.png */; };
		34160FD6187BE46A00A8BCF2 /* Login.m in Sources */ = {isa = PBXBuildFile; fileRef = 34160FD5187BE46A00A8BCF2 /* Login.m */; };
		3453511C18D6CD860011B9A8 /* Home_ReserveService.m in Sources */ = {isa = PBXBuildFile; fileRef = 3453511B18D6CD860011B9A8 /* Home_ReserveService.m */; };
		3467B02218BF0DDF003084AA /* RTD_LineChart.storyboard in Resources */ = {isa = PBXBuildFile; fileRef = 3467B02118BF0DDF003084AA /* RTD_LineChart.storyboard */; };
		347184DC1887CF36001EA5AB /* icon_setting_about.png in Resources */ = {isa = PBXBuildFile; fileRef = 347184DA1887CF36001EA5AB /* icon_setting_about.png */; };
		347184DD1887CF36001EA5AB /* icon_setting_apps.png in Resources */ = {isa = PBXBuildFile; fileRef = 347184DB1887CF36001EA5AB /* icon_setting_apps.png */; };
		347184E01887D0BC001EA5AB /* updateinfo_indicatro.png in Resources */ = {isa = PBXBuildFile; fileRef = 347184DE1887D0BC001EA5AB /* updateinfo_indicatro.png */; };
		347184E11887D0BC001EA5AB /* updatepwd_indicatro.png in Resources */ = {isa = PBXBuildFile; fileRef = 347184DF1887D0BC001EA5AB /* updatepwd_indicatro.png */; };
		347184E31887D26B001EA5AB /* ic_launcher.png in Resources */ = {isa = PBXBuildFile; fileRef = 347184E21887D26B001EA5AB /* ic_launcher.png */; };
		3494FB14187BF63300FF8272 /* LoginStoryboard.storyboard in Resources */ = {isa = PBXBuildFile; fileRef = 3494FB13187BF63300FF8272 /* LoginStoryboard.storyboard */; };
		5B64F6301875BEF1002C0404 /* Foundation.framework in Frameworks */ = {isa = PBXBuildFile; fileRef = 5B64F62F1875BEF0002C0404 /* Foundation.framework */; };
		5B64F6321875BEF1002C0404 /* CoreGraphics.framework in Frameworks */ = {isa = PBXBuildFile; fileRef = 5B64F6311875BEF1002C0404 /* CoreGraphics.framework */; };
		5B64F6341875BEF1002C0404 /* UIKit.framework in Frameworks */ = {isa = PBXBuildFile; fileRef = 5B64F6331875BEF1002C0404 /* UIKit.framework */; };
		5B64F63A1875BEF1002C0404 /* InfoPlist.strings in Resources */ = {isa = PBXBuildFile; fileRef = 5B64F6381875BEF1002C0404 /* InfoPlist.strings */; };
		5B64F63C1875BEF1002C0404 /* main.m in Sources */ = {isa = PBXBuildFile; fileRef = 5B64F63B1875BEF1002C0404 /* main.m */; };
		5B64F6401875BEF1002C0404 /* AppDelegate.m in Sources */ = {isa = PBXBuildFile; fileRef = 5B64F63F1875BEF1002C0404 /* AppDelegate.m */; };
		5B64F6431875BEF3002C0404 /* Main.storyboard in Resources */ = {isa = PBXBuildFile; fileRef = 5B64F6411875BEF3002C0404 /* Main.storyboard */; };
		5B64F6461875BEF3002C0404 /* Home.m in Sources */ = {isa = PBXBuildFile; fileRef = 5B64F6451875BEF3002C0404 /* Home.m */; };
		5B64F6481875BEF4002C0404 /* Images.xcassets in Resources */ = {isa = PBXBuildFile; fileRef = 5B64F6471875BEF4002C0404 /* Images.xcassets */; };
		5B64F64F1875BEF6002C0404 /* XCTest.framework in Frameworks */ = {isa = PBXBuildFile; fileRef = 5B64F64E1875BEF6002C0404 /* XCTest.framework */; };
		5B64F6501875BEF6002C0404 /* Foundation.framework in Frameworks */ = {isa = PBXBuildFile; fileRef = 5B64F62F1875BEF0002C0404 /* Foundation.framework */; };
		5B64F6511875BEF6002C0404 /* UIKit.framework in Frameworks */ = {isa = PBXBuildFile; fileRef = 5B64F6331875BEF1002C0404 /* UIKit.framework */; };
		5B64F6591875BEF6002C0404 /* InfoPlist.strings in Resources */ = {isa = PBXBuildFile; fileRef = 5B64F6571875BEF6002C0404 /* InfoPlist.strings */; };
		5B64F65B1875BEF6002C0404 /* YSJViewerTests.m in Sources */ = {isa = PBXBuildFile; fileRef = 5B64F65A1875BEF6002C0404 /* YSJViewerTests.m */; };
		5B64F6791879437C002C0404 /* YSJ_List_TVC.m in Sources */ = {isa = PBXBuildFile; fileRef = 5B64F6781879437C002C0404 /* YSJ_List_TVC.m */; };
		5B64F67C187962D9002C0404 /* YSJ_InfoMenu.m in Sources */ = {isa = PBXBuildFile; fileRef = 5B64F67B187962D9002C0404 /* YSJ_InfoMenu.m */; };
		5B64F69618797C24002C0404 /* MBProgressHUD.m in Sources */ = {isa = PBXBuildFile; fileRef = 5B64F67F18797C24002C0404 /* MBProgressHUD.m */; };
		5B64F69718797C24002C0404 /* NSData+MKBase64.m in Sources */ = {isa = PBXBuildFile; fileRef = 5B64F68318797C24002C0404 /* NSData+MKBase64.m */; };
		5B64F69818797C24002C0404 /* NSDate+RFC1123.m in Sources */ = {isa = PBXBuildFile; fileRef = 5B64F68518797C24002C0404 /* NSDate+RFC1123.m */; };
		5B64F69918797C24002C0404 /* NSDictionary+RequestEncoding.m in Sources */ = {isa = PBXBuildFile; fileRef = 5B64F68718797C24002C0404 /* NSDictionary+RequestEncoding.m */; };
		5B64F69A18797C24002C0404 /* NSString+MKNetworkKitAdditions.m in Sources */ = {isa = PBXBuildFile; fileRef = 5B64F68918797C24002C0404 /* NSString+MKNetworkKitAdditions.m */; };
		5B64F69B18797C24002C0404 /* UIAlertView+MKNetworkKitAdditions.m in Sources */ = {isa = PBXBuildFile; fileRef = 5B64F68B18797C24002C0404 /* UIAlertView+MKNetworkKitAdditions.m */; };
		5B64F69C18797C24002C0404 /* UIImageView+MKNetworkKitAdditions.m in Sources */ = {isa = PBXBuildFile; fileRef = 5B64F68D18797C24002C0404 /* UIImageView+MKNetworkKitAdditions.m */; };
		5B64F69D18797C24002C0404 /* MKNetworkEngine.m in Sources */ = {isa = PBXBuildFile; fileRef = 5B64F68F18797C24002C0404 /* MKNetworkEngine.m */; };
		5B64F69E18797C24002C0404 /* MKNetworkOperation.m in Sources */ = {isa = PBXBuildFile; fileRef = 5B64F69218797C24002C0404 /* MKNetworkOperation.m */; };
		5B64F69F18797C24002C0404 /* Reachability.m in Sources */ = {isa = PBXBuildFile; fileRef = 5B64F69518797C24002C0404 /* Reachability.m */; };
		5B64F6A11879853F002C0404 /* CFNetwork.framework in Frameworks */ = {isa = PBXBuildFile; fileRef = 5B64F6A01879853E002C0404 /* CFNetwork.framework */; };
		5B64F6A318798550002C0404 /* SystemConfiguration.framework in Frameworks */ = {isa = PBXBuildFile; fileRef = 5B64F6A218798550002C0404 /* SystemConfiguration.framework */; };
		5B64F6A518798560002C0404 /* Security.framework in Frameworks */ = {isa = PBXBuildFile; fileRef = 5B64F6A418798560002C0404 /* Security.framework */; };
		5B64F6C8187AFA89002C0404 /* background.png in Resources */ = {isa = PBXBuildFile; fileRef = 5B64F6B9187AFA89002C0404 /* background.png */; };
		5B64F6C9187AFA8A002C0404 /* BtnImg_AlarmInfo.png in Resources */ = {isa = PBXBuildFile; fileRef = 5B64F6BA187AFA89002C0404 /* BtnImg_AlarmInfo.png */; };
		5B64F6CA187AFA8A002C0404 /* BtnImg_DeviceMonitor.png in Resources */ = {isa = PBXBuildFile; fileRef = 5B64F6BB187AFA89002C0404 /* BtnImg_DeviceMonitor.png */; };
		5B64F6CB187AFA8A002C0404 /* BtnImg_ReserveService.png in Resources */ = {isa = PBXBuildFile; fileRef = 5B64F6BC187AFA89002C0404 /* BtnImg_ReserveService.png */; };
		5B64F6CC187AFA8A002C0404 /* BtnImg_StorageList.png in Resources */ = {isa = PBXBuildFile; fileRef = 5B64F6BD187AFA89002C0404 /* BtnImg_StorageList.png */; };
		5B64F6CD187AFA8A002C0404 /* BtnImg_SystemSetting.png in Resources */ = {isa = PBXBuildFile; fileRef = 5B64F6BE187AFA89002C0404 /* BtnImg_SystemSetting.png */; };
		5B64F6CE187AFA8A002C0404 /* BtnImg_UserInfo.png in Resources */ = {isa = PBXBuildFile; fileRef = 5B64F6BF187AFA89002C0404 /* BtnImg_UserInfo.png */; };
		5B64F6CF187AFA8A002C0404 /* Icon_HistoryAlarm.png in Resources */ = {isa = PBXBuildFile; fileRef = 5B64F6C0187AFA89002C0404 /* Icon_HistoryAlarm.png */; };
		5B64F6D0187AFA8A002C0404 /* Icon_HistoryData.png in Resources */ = {isa = PBXBuildFile; fileRef = 5B64F6C1187AFA89002C0404 /* Icon_HistoryData.png */; };
		5B64F6D1187AFA8A002C0404 /* Icon_HistoryReserve.png in Resources */ = {isa = PBXBuildFile; fileRef = 5B64F6C2187AFA89002C0404 /* Icon_HistoryReserve.png */; };
		5B64F6D2187AFA8A002C0404 /* Icon_RealTimeData.png in Resources */ = {isa = PBXBuildFile; fileRef = 5B64F6C3187AFA89002C0404 /* Icon_RealTimeData.png */; };
		5B64F6D3187AFA8A002C0404 /* Icon_ReserveService.png in Resources */ = {isa = PBXBuildFile; fileRef = 5B64F6C4187AFA89002C0404 /* Icon_ReserveService.png */; };
		5B64F6D4187AFA8A002C0404 /* Icon_RunRecord.png in Resources */ = {isa = PBXBuildFile; fileRef = 5B64F6C5187AFA89002C0404 /* Icon_RunRecord.png */; };
		5B64F6D5187AFA8A002C0404 /* Icon_ServiceTime.png in Resources */ = {isa = PBXBuildFile; fileRef = 5B64F6C6187AFA89002C0404 /* Icon_ServiceTime.png */; };
		5B64F6D6187AFA8A002C0404 /* Icon_YSJ_List.png in Resources */ = {isa = PBXBuildFile; fileRef = 5B64F6C7187AFA89002C0404 /* Icon_YSJ_List.png */; };
		5B64F6D9187B13CB002C0404 /* RealTimeData.m in Sources */ = {isa = PBXBuildFile; fileRef = 5B64F6D8187B13CB002C0404 /* RealTimeData.m */; };
		5BCE98891881945D00EEA687 /* HistoryData.m in Sources */ = {isa = PBXBuildFile; fileRef = 5BCE98881881945D00EEA687 /* HistoryData.m */; };
		5BE9563A1882E80300AE94AA /* RunRecord.m in Sources */ = {isa = PBXBuildFile; fileRef = 5BE956391882E80300AE94AA /* RunRecord.m */; };
		7022B94418B795E3005BEC22 /* ReserveService.m in Sources */ = {isa = PBXBuildFile; fileRef = 7022B94318B795E3005BEC22 /* ReserveService.m */; };
		7023031918B4D9B10052517E /* progress_bg.png in Resources */ = {isa = PBXBuildFile; fileRef = 7023031318B4D9B10052517E /* progress_bg.png */; };
		7023031A18B4D9B10052517E /* progress_green_bg.png in Resources */ = {isa = PBXBuildFile; fileRef = 7023031418B4D9B10052517E /* progress_green_bg.png */; };
		7023031B18B4D9B10052517E /* progress_red_bg.png in Resources */ = {isa = PBXBuildFile; fileRef = 7023031518B4D9B10052517E /* progress_red_bg.png */; };
		7023031C18B4D9B10052517E /* progress_yello_bg.png in Resources */ = {isa = PBXBuildFile; fileRef = 7023031618B4D9B10052517E /* progress_yello_bg.png */; };
		7023031D18B4D9B10052517E /* red_indicator.png in Resources */ = {isa = PBXBuildFile; fileRef = 7023031718B4D9B10052517E /* red_indicator.png */; };
		7023031E18B4D9B10052517E /* yello_indicator.png in Resources */ = {isa = PBXBuildFile; fileRef = 7023031818B4D9B10052517E /* yello_indicator.png */; };
		7023032018B4DA4A0052517E /* green_indicator.png in Resources */ = {isa = PBXBuildFile; fileRef = 7023031F18B4DA4A0052517E /* green_indicator.png */; };
		7025F5CC190413F3005A94E8 /* InputServerAddress.m in Sources */ = {isa = PBXBuildFile; fileRef = 7025F5CB190413F3005A94E8 /* InputServerAddress.m */; };
		7025F5CE19041A28005A94E8 /* InputServerAddress.storyboard in Resources */ = {isa = PBXBuildFile; fileRef = 7025F5CD19041A28005A94E8 /* InputServerAddress.storyboard */; };
		702876A018A77C1400E39010 /* StockQuery.m in Sources */ = {isa = PBXBuildFile; fileRef = 7028769F18A77C1400E39010 /* StockQuery.m */; };
		702876A318A7926600E39010 /* inventory_list_indicator.png in Resources */ = {isa = PBXBuildFile; fileRef = 702876A118A7926600E39010 /* inventory_list_indicator.png */; };
		702876A418A7926600E39010 /* inventory_supply_indicator.png in Resources */ = {isa = PBXBuildFile; fileRef = 702876A218A7926600E39010 /* inventory_supply_indicator.png */; };
		702A0C1018BA2C1700B60517 /* RealTimeData_LineChart.m in Sources */ = {isa = PBXBuildFile; fileRef = 702A0C0F18BA2C1700B60517 /* RealTimeData_LineChart.m */; };
		702A0C1318BA44FE00B60517 /* ReserveHistory.m in Sources */ = {isa = PBXBuildFile; fileRef = 702A0C1218BA44FE00B60517 /* ReserveHistory.m */; };
		702A0C1618BA4EA300B60517 /* ReserveHistoryDetail.m in Sources */ = {isa = PBXBuildFile; fileRef = 702A0C1518BA4EA300B60517 /* ReserveHistoryDetail.m */; };
		703C269E189E30F7007D1F90 /* UserInfoUpdate.m in Sources */ = {isa = PBXBuildFile; fileRef = 703C269D189E30F7007D1F90 /* UserInfoUpdate.m */; };
		704DA722192883FE008F0CD1 /* Alarm_LineChart.m in Sources */ = {isa = PBXBuildFile; fileRef = 704DA720192883FE008F0CD1 /* Alarm_LineChart.m */; };
		704DA723192883FE008F0CD1 /* Alarm_LineChart.storyboard in Resources */ = {isa = PBXBuildFile; fileRef = 704DA721192883FE008F0CD1 /* Alarm_LineChart.storyboard */; };
		704DA72819288B0A008F0CD1 /* aboutIcon72.png in Resources */ = {isa = PBXBuildFile; fileRef = 704DA72419288B0A008F0CD1 /* aboutIcon72.png */; };
		704DA72919288B0A008F0CD1 /* Icon-57.png in Resources */ = {isa = PBXBuildFile; fileRef = 704DA72519288B0A008F0CD1 /* Icon-57.png */; };
		704DA72A19288B0A008F0CD1 /* Icon-114.png in Resources */ = {isa = PBXBuildFile; fileRef = 704DA72619288B0A008F0CD1 /* Icon-114.png */; };
		704DA72B19288B0A008F0CD1 /* Icon-120.png in Resources */ = {isa = PBXBuildFile; fileRef = 704DA72719288B0A008F0CD1 /* Icon-120.png */; };
		704DA72E192893E9008F0CD1 /* NavLogin.m in Sources */ = {isa = PBXBuildFile; fileRef = 704DA72D192893E9008F0CD1 /* NavLogin.m */; };
		704DEA5A18ABC211001896E7 /* RunRecord_TimeList.m in Sources */ = {isa = PBXBuildFile; fileRef = 704DEA5918ABC211001896E7 /* RunRecord_TimeList.m */; };
		704DEA5C18ABC5E1001896E7 /* RunRecordSB.storyboard in Resources */ = {isa = PBXBuildFile; fileRef = 704DEA5B18ABC5E1001896E7 /* RunRecordSB.storyboard */; };
		704DEA5F18ABD721001896E7 /* RunRecord_TimeList_Detail.m in Sources */ = {isa = PBXBuildFile; fileRef = 704DEA5E18ABD721001896E7 /* RunRecord_TimeList_Detail.m */; };
		704E97B618A919DF0043D907 /* About.m in Sources */ = {isa = PBXBuildFile; fileRef = 704E97B518A919DF0043D907 /* About.m */; };
		7064DB4D18A5075300894876 /* UserPwdUpdate.m in Sources */ = {isa = PBXBuildFile; fileRef = 7064DB4C18A5075300894876 /* UserPwdUpdate.m */; };
		706525A218A68DE8003928F5 /* AlarmInfoDetail.m in Sources */ = {isa = PBXBuildFile; fileRef = 706525A118A68DE8003928F5 /* AlarmInfoDetail.m */; };
		7065E1B818BCDDE90084B82D /* HistoryAlarm.m in Sources */ = {isa = PBXBuildFile; fileRef = 7065E1B718BCDDE90084B82D /* HistoryAlarm.m */; };
		7072D8B418B0F920004002C0 /* ServiceTime.m in Sources */ = {isa = PBXBuildFile; fileRef = 7072D8B318B0F920004002C0 /* ServiceTime.m */; };
		70A6767A1886B48C0008F78C /* base64.c in Sources */ = {isa = PBXBuildFile; fileRef = 70A676731886B48C0008F78C /* base64.c */; };
		70A6767B1886B48C0008F78C /* NSData+SRB64Additions.m in Sources */ = {isa = PBXBuildFile; fileRef = 70A676761886B48C0008F78C /* NSData+SRB64Additions.m */; };
		70A6767C1886B48C0008F78C /* SRWebSocket.m in Sources */ = {isa = PBXBuildFile; fileRef = 70A676791886B48C0008F78C /* SRWebSocket.m */; };
		70A6767E1886B5D30008F78C /* libicucore.dylib in Frameworks */ = {isa = PBXBuildFile; fileRef = 70A6767D1886B5D20008F78C /* libicucore.dylib */; };
		70A676811886D2480008F78C /* UserInfo.m in Sources */ = {isa = PBXBuildFile; fileRef = 70A676801886D2480008F78C /* UserInfo.m */; };
		70A981BD189B8744001FC021 /* AlarmInfo.m in Sources */ = {isa = PBXBuildFile; fileRef = 70A981BC189B8744001FC021 /* AlarmInfo.m */; };
		70A981BF189B8A69001FC021 /* alarm_list_indicator.png in Resources */ = {isa = PBXBuildFile; fileRef = 70A981BE189B8A69001FC021 /* alarm_list_indicator.png */; };
		70AE0D3718C0DBC6002C6C2D /* LCInfoView.m in Sources */ = {isa = PBXBuildFile; fileRef = 70AE0D3018C0DBC6002C6C2D /* LCInfoView.m */; };
		70AE0D3818C0DBC6002C6C2D /* LCLegendView.m in Sources */ = {isa = PBXBuildFile; fileRef = 70AE0D3218C0DBC6002C6C2D /* LCLegendView.m */; };
		70AE0D3918C0DBC6002C6C2D /* LCLineChartView.m in Sources */ = {isa = PBXBuildFile; fileRef = 70AE0D3418C0DBC6002C6C2D /* LCLineChartView.m */; };
		70AE0D3A18C0DBC6002C6C2D /* UIKit+DrawingHelpers.m in Sources */ = {isa = PBXBuildFile; fileRef = 70AE0D3618C0DBC6002C6C2D /* UIKit+DrawingHelpers.m */; };
		70D97AB318E1C842000167EA /* SystemSetting.m in Sources */ = {isa = PBXBuildFile; fileRef = 70D97AB218E1C842000167EA /* SystemSetting.m */; };
/* End PBXBuildFile section */

/* Begin PBXContainerItemProxy section */
		5B64F6521875BEF6002C0404 /* PBXContainerItemProxy */ = {
			isa = PBXContainerItemProxy;
			containerPortal = 5B64F6241875BEEC002C0404 /* Project object */;
			proxyType = 1;
			remoteGlobalIDString = 5B64F62B1875BEF0002C0404;
			remoteInfo = YSJViewer;
		};
/* End PBXContainerItemProxy section */

/* Begin PBXFileReference section */
		34160FD0187BE39300A8BCF2 /* login_icon.png */ = {isa = PBXFileReference; lastKnownFileType = image.png; path = login_icon.png; sourceTree = "<group>"; };
		34160FD1187BE39300A8BCF2 /* BtnImg_Login.png */ = {isa = PBXFileReference; lastKnownFileType = image.png; path = BtnImg_Login.png; sourceTree = "<group>"; };
		34160FD4187BE46A00A8BCF2 /* Login.h */ = {isa = PBXFileReference; fileEncoding = 4; lastKnownFileType = sourcecode.c.h; path = Login.h; sourceTree = "<group>"; };
		34160FD5187BE46A00A8BCF2 /* Login.m */ = {isa = PBXFileReference; fileEncoding = 4; lastKnownFileType = sourcecode.c.objc; path = Login.m; sourceTree = "<group>"; };
		3453511A18D6CD860011B9A8 /* Home_ReserveService.h */ = {isa = PBXFileReference; fileEncoding = 4; lastKnownFileType = sourcecode.c.h; path = Home_ReserveService.h; sourceTree = "<group>"; };
		3453511B18D6CD860011B9A8 /* Home_ReserveService.m */ = {isa = PBXFileReference; fileEncoding = 4; lastKnownFileType = sourcecode.c.objc; path = Home_ReserveService.m; sourceTree = "<group>"; };
		3467B02118BF0DDF003084AA /* RTD_LineChart.storyboard */ = {isa = PBXFileReference; fileEncoding = 4; lastKnownFileType = file.storyboard; path = RTD_LineChart.storyboard; sourceTree = "<group>"; };
		347184D918878B95001EA5AB /* GlobalValue.h */ = {isa = PBXFileReference; fileEncoding = 4; lastKnownFileType = sourcecode.c.h; path = GlobalValue.h; sourceTree = "<group>"; };
		347184DA1887CF36001EA5AB /* icon_setting_about.png */ = {isa = PBXFileReference; lastKnownFileType = image.png; path = icon_setting_about.png; sourceTree = "<group>"; };
		347184DB1887CF36001EA5AB /* icon_setting_apps.png */ = {isa = PBXFileReference; lastKnownFileType = image.png; path = icon_setting_apps.png; sourceTree = "<group>"; };
		347184DE1887D0BC001EA5AB /* updateinfo_indicatro.png */ = {isa = PBXFileReference; lastKnownFileType = image.png; path = updateinfo_indicatro.png; sourceTree = "<group>"; };
		347184DF1887D0BC001EA5AB /* updatepwd_indicatro.png */ = {isa = PBXFileReference; lastKnownFileType = image.png; path = updatepwd_indicatro.png; sourceTree = "<group>"; };
		347184E21887D26B001EA5AB /* ic_launcher.png */ = {isa = PBXFileReference; lastKnownFileType = image.png; path = ic_launcher.png; sourceTree = "<group>"; };
		3494FB13187BF63300FF8272 /* LoginStoryboard.storyboard */ = {isa = PBXFileReference; fileEncoding = 4; lastKnownFileType = file.storyboard; path = LoginStoryboard.storyboard; sourceTree = "<group>"; };
		5B64F62C1875BEF0002C0404 /* YSJViewer.app */ = {isa = PBXFileReference; explicitFileType = wrapper.application; includeInIndex = 0; path = YSJViewer.app; sourceTree = BUILT_PRODUCTS_DIR; };
		5B64F62F1875BEF0002C0404 /* Foundation.framework */ = {isa = PBXFileReference; lastKnownFileType = wrapper.framework; name = Foundation.framework; path = System/Library/Frameworks/Foundation.framework; sourceTree = SDKROOT; };
		5B64F6311875BEF1002C0404 /* CoreGraphics.framework */ = {isa = PBXFileReference; lastKnownFileType = wrapper.framework; name = CoreGraphics.framework; path = System/Library/Frameworks/CoreGraphics.framework; sourceTree = SDKROOT; };
		5B64F6331875BEF1002C0404 /* UIKit.framework */ = {isa = PBXFileReference; lastKnownFileType = wrapper.framework; name = UIKit.framework; path = System/Library/Frameworks/UIKit.framework; sourceTree = SDKROOT; };
		5B64F6371875BEF1002C0404 /* YSJViewer-Info.plist */ = {isa = PBXFileReference; lastKnownFileType = text.plist.xml; path = "YSJViewer-Info.plist"; sourceTree = "<group>"; };
		5B64F6391875BEF1002C0404 /* en */ = {isa = PBXFileReference; lastKnownFileType = text.plist.strings; name = en; path = en.lproj/InfoPlist.strings; sourceTree = "<group>"; };
		5B64F63B1875BEF1002C0404 /* main.m */ = {isa = PBXFileReference; lastKnownFileType = sourcecode.c.objc; path = main.m; sourceTree = "<group>"; };
		5B64F63D1875BEF1002C0404 /* YSJViewer-Prefix.pch */ = {isa = PBXFileReference; lastKnownFileType = sourcecode.c.h; path = "YSJViewer-Prefix.pch"; sourceTree = "<group>"; };
		5B64F63E1875BEF1002C0404 /* AppDelegate.h */ = {isa = PBXFileReference; lastKnownFileType = sourcecode.c.h; path = AppDelegate.h; sourceTree = "<group>"; };
		5B64F63F1875BEF1002C0404 /* AppDelegate.m */ = {isa = PBXFileReference; lastKnownFileType = sourcecode.c.objc; path = AppDelegate.m; sourceTree = "<group>"; };
		5B64F6421875BEF3002C0404 /* Base */ = {isa = PBXFileReference; lastKnownFileType = file.storyboard; name = Base; path = Base.lproj/Main.storyboard; sourceTree = "<group>"; };
		5B64F6441875BEF3002C0404 /* Home.h */ = {isa = PBXFileReference; lastKnownFileType = sourcecode.c.h; path = Home.h; sourceTree = "<group>"; };
		5B64F6451875BEF3002C0404 /* Home.m */ = {isa = PBXFileReference; lastKnownFileType = sourcecode.c.objc; path = Home.m; sourceTree = "<group>"; };
		5B64F6471875BEF4002C0404 /* Images.xcassets */ = {isa = PBXFileReference; lastKnownFileType = folder.assetcatalog; path = Images.xcassets; sourceTree = "<group>"; };
		5B64F64D1875BEF6002C0404 /* YSJViewerTests.xctest */ = {isa = PBXFileReference; explicitFileType = wrapper.cfbundle; includeInIndex = 0; path = YSJViewerTests.xctest; sourceTree = BUILT_PRODUCTS_DIR; };
		5B64F64E1875BEF6002C0404 /* XCTest.framework */ = {isa = PBXFileReference; lastKnownFileType = wrapper.framework; name = XCTest.framework; path = Library/Frameworks/XCTest.framework; sourceTree = DEVELOPER_DIR; };
		5B64F6561875BEF6002C0404 /* YSJViewerTests-Info.plist */ = {isa = PBXFileReference; lastKnownFileType = text.plist.xml; path = "YSJViewerTests-Info.plist"; sourceTree = "<group>"; };
		5B64F6581875BEF6002C0404 /* en */ = {isa = PBXFileReference; lastKnownFileType = text.plist.strings; name = en; path = en.lproj/InfoPlist.strings; sourceTree = "<group>"; };
		5B64F65A1875BEF6002C0404 /* YSJViewerTests.m */ = {isa = PBXFileReference; lastKnownFileType = sourcecode.c.objc; path = YSJViewerTests.m; sourceTree = "<group>"; };
		5B64F6771879437C002C0404 /* YSJ_List_TVC.h */ = {isa = PBXFileReference; fileEncoding = 4; lastKnownFileType = sourcecode.c.h; path = YSJ_List_TVC.h; sourceTree = "<group>"; };
		5B64F6781879437C002C0404 /* YSJ_List_TVC.m */ = {isa = PBXFileReference; fileEncoding = 4; lastKnownFileType = sourcecode.c.objc; path = YSJ_List_TVC.m; sourceTree = "<group>"; };
		5B64F67A187962D8002C0404 /* YSJ_InfoMenu.h */ = {isa = PBXFileReference; fileEncoding = 4; lastKnownFileType = sourcecode.c.h; path = YSJ_InfoMenu.h; sourceTree = "<group>"; };
		5B64F67B187962D9002C0404 /* YSJ_InfoMenu.m */ = {isa = PBXFileReference; fileEncoding = 4; lastKnownFileType = sourcecode.c.objc; path = YSJ_InfoMenu.m; sourceTree = "<group>"; };
		5B64F67E18797C24002C0404 /* MBProgressHUD.h */ = {isa = PBXFileReference; fileEncoding = 4; lastKnownFileType = sourcecode.c.h; path = MBProgressHUD.h; sourceTree = "<group>"; };
		5B64F67F18797C24002C0404 /* MBProgressHUD.m */ = {isa = PBXFileReference; fileEncoding = 4; lastKnownFileType = sourcecode.c.objc; path = MBProgressHUD.m; sourceTree = "<group>"; };
		5B64F68218797C24002C0404 /* NSData+MKBase64.h */ = {isa = PBXFileReference; fileEncoding = 4; lastKnownFileType = sourcecode.c.h; path = "NSData+MKBase64.h"; sourceTree = "<group>"; };
		5B64F68318797C24002C0404 /* NSData+MKBase64.m */ = {isa = PBXFileReference; fileEncoding = 4; lastKnownFileType = sourcecode.c.objc; path = "NSData+MKBase64.m"; sourceTree = "<group>"; };
		5B64F68418797C24002C0404 /* NSDate+RFC1123.h */ = {isa = PBXFileReference; fileEncoding = 4; lastKnownFileType = sourcecode.c.h; path = "NSDate+RFC1123.h"; sourceTree = "<group>"; };
		5B64F68518797C24002C0404 /* NSDate+RFC1123.m */ = {isa = PBXFileReference; fileEncoding = 4; lastKnownFileType = sourcecode.c.objc; path = "NSDate+RFC1123.m"; sourceTree = "<group>"; };
		5B64F68618797C24002C0404 /* NSDictionary+RequestEncoding.h */ = {isa = PBXFileReference; fileEncoding = 4; lastKnownFileType = sourcecode.c.h; path = "NSDictionary+RequestEncoding.h"; sourceTree = "<group>"; };
		5B64F68718797C24002C0404 /* NSDictionary+RequestEncoding.m */ = {isa = PBXFileReference; fileEncoding = 4; lastKnownFileType = sourcecode.c.objc; path = "NSDictionary+RequestEncoding.m"; sourceTree = "<group>"; };
		5B64F68818797C24002C0404 /* NSString+MKNetworkKitAdditions.h */ = {isa = PBXFileReference; fileEncoding = 4; lastKnownFileType = sourcecode.c.h; path = "NSString+MKNetworkKitAdditions.h"; sourceTree = "<group>"; };
		5B64F68918797C24002C0404 /* NSString+MKNetworkKitAdditions.m */ = {isa = PBXFileReference; fileEncoding = 4; lastKnownFileType = sourcecode.c.objc; path = "NSString+MKNetworkKitAdditions.m"; sourceTree = "<group>"; };
		5B64F68A18797C24002C0404 /* UIAlertView+MKNetworkKitAdditions.h */ = {isa = PBXFileReference; fileEncoding = 4; lastKnownFileType = sourcecode.c.h; path = "UIAlertView+MKNetworkKitAdditions.h"; sourceTree = "<group>"; };
		5B64F68B18797C24002C0404 /* UIAlertView+MKNetworkKitAdditions.m */ = {isa = PBXFileReference; fileEncoding = 4; lastKnownFileType = sourcecode.c.objc; path = "UIAlertView+MKNetworkKitAdditions.m"; sourceTree = "<group>"; };
		5B64F68C18797C24002C0404 /* UIImageView+MKNetworkKitAdditions.h */ = {isa = PBXFileReference; fileEncoding = 4; lastKnownFileType = sourcecode.c.h; path = "UIImageView+MKNetworkKitAdditions.h"; sourceTree = "<group>"; };
		5B64F68D18797C24002C0404 /* UIImageView+MKNetworkKitAdditions.m */ = {isa = PBXFileReference; fileEncoding = 4; lastKnownFileType = sourcecode.c.objc; path = "UIImageView+MKNetworkKitAdditions.m"; sourceTree = "<group>"; };
		5B64F68E18797C24002C0404 /* MKNetworkEngine.h */ = {isa = PBXFileReference; fileEncoding = 4; lastKnownFileType = sourcecode.c.h; path = MKNetworkEngine.h; sourceTree = "<group>"; };
		5B64F68F18797C24002C0404 /* MKNetworkEngine.m */ = {isa = PBXFileReference; fileEncoding = 4; lastKnownFileType = sourcecode.c.objc; path = MKNetworkEngine.m; sourceTree = "<group>"; };
		5B64F69018797C24002C0404 /* MKNetworkKit.h */ = {isa = PBXFileReference; fileEncoding = 4; lastKnownFileType = sourcecode.c.h; path = MKNetworkKit.h; sourceTree = "<group>"; };
		5B64F69118797C24002C0404 /* MKNetworkOperation.h */ = {isa = PBXFileReference; fileEncoding = 4; lastKnownFileType = sourcecode.c.h; path = MKNetworkOperation.h; sourceTree = "<group>"; };
		5B64F69218797C24002C0404 /* MKNetworkOperation.m */ = {isa = PBXFileReference; fileEncoding = 4; lastKnownFileType = sourcecode.c.objc; path = MKNetworkOperation.m; sourceTree = "<group>"; };
		5B64F69418797C24002C0404 /* Reachability.h */ = {isa = PBXFileReference; fileEncoding = 4; lastKnownFileType = sourcecode.c.h; path = Reachability.h; sourceTree = "<group>"; };
		5B64F69518797C24002C0404 /* Reachability.m */ = {isa = PBXFileReference; fileEncoding = 4; lastKnownFileType = sourcecode.c.objc; path = Reachability.m; sourceTree = "<group>"; };
		5B64F6A01879853E002C0404 /* CFNetwork.framework */ = {isa = PBXFileReference; lastKnownFileType = wrapper.framework; name = CFNetwork.framework; path = System/Library/Frameworks/CFNetwork.framework; sourceTree = SDKROOT; };
		5B64F6A218798550002C0404 /* SystemConfiguration.framework */ = {isa = PBXFileReference; lastKnownFileType = wrapper.framework; name = SystemConfiguration.framework; path = System/Library/Frameworks/SystemConfiguration.framework; sourceTree = SDKROOT; };
		5B64F6A418798560002C0404 /* Security.framework */ = {isa = PBXFileReference; lastKnownFileType = wrapper.framework; name = Security.framework; path = System/Library/Frameworks/Security.framework; sourceTree = SDKROOT; };
		5B64F6B9187AFA89002C0404 /* background.png */ = {isa = PBXFileReference; lastKnownFileType = image.png; path = background.png; sourceTree = "<group>"; };
		5B64F6BA187AFA89002C0404 /* BtnImg_AlarmInfo.png */ = {isa = PBXFileReference; lastKnownFileType = image.png; path = BtnImg_AlarmInfo.png; sourceTree = "<group>"; };
		5B64F6BB187AFA89002C0404 /* BtnImg_DeviceMonitor.png */ = {isa = PBXFileReference; lastKnownFileType = image.png; path = BtnImg_DeviceMonitor.png; sourceTree = "<group>"; };
		5B64F6BC187AFA89002C0404 /* BtnImg_ReserveService.png */ = {isa = PBXFileReference; lastKnownFileType = image.png; path = BtnImg_ReserveService.png; sourceTree = "<group>"; };
		5B64F6BD187AFA89002C0404 /* BtnImg_StorageList.png */ = {isa = PBXFileReference; lastKnownFileType = image.png; path = BtnImg_StorageList.png; sourceTree = "<group>"; };
		5B64F6BE187AFA89002C0404 /* BtnImg_SystemSetting.png */ = {isa = PBXFileReference; lastKnownFileType = image.png; path = BtnImg_SystemSetting.png; sourceTree = "<group>"; };
		5B64F6BF187AFA89002C0404 /* BtnImg_UserInfo.png */ = {isa = PBXFileReference; lastKnownFileType = image.png; path = BtnImg_UserInfo.png; sourceTree = "<group>"; };
		5B64F6C0187AFA89002C0404 /* Icon_HistoryAlarm.png */ = {isa = PBXFileReference; lastKnownFileType = image.png; path = Icon_HistoryAlarm.png; sourceTree = "<group>"; };
		5B64F6C1187AFA89002C0404 /* Icon_HistoryData.png */ = {isa = PBXFileReference; lastKnownFileType = image.png; path = Icon_HistoryData.png; sourceTree = "<group>"; };
		5B64F6C2187AFA89002C0404 /* Icon_HistoryReserve.png */ = {isa = PBXFileReference; lastKnownFileType = image.png; path = Icon_HistoryReserve.png; sourceTree = "<group>"; };
		5B64F6C3187AFA89002C0404 /* Icon_RealTimeData.png */ = {isa = PBXFileReference; lastKnownFileType = image.png; path = Icon_RealTimeData.png; sourceTree = "<group>"; };
		5B64F6C4187AFA89002C0404 /* Icon_ReserveService.png */ = {isa = PBXFileReference; lastKnownFileType = image.png; path = Icon_ReserveService.png; sourceTree = "<group>"; };
		5B64F6C5187AFA89002C0404 /* Icon_RunRecord.png */ = {isa = PBXFileReference; lastKnownFileType = image.png; path = Icon_RunRecord.png; sourceTree = "<group>"; };
		5B64F6C6187AFA89002C0404 /* Icon_ServiceTime.png */ = {isa = PBXFileReference; lastKnownFileType = image.png; path = Icon_ServiceTime.png; sourceTree = "<group>"; };
		5B64F6C7187AFA89002C0404 /* Icon_YSJ_List.png */ = {isa = PBXFileReference; lastKnownFileType = image.png; path = Icon_YSJ_List.png; sourceTree = "<group>"; };
		5B64F6D7187B13CB002C0404 /* RealTimeData.h */ = {isa = PBXFileReference; fileEncoding = 4; lastKnownFileType = sourcecode.c.h; path = RealTimeData.h; sourceTree = "<group>"; };
		5B64F6D8187B13CB002C0404 /* RealTimeData.m */ = {isa = PBXFileReference; fileEncoding = 4; lastKnownFileType = sourcecode.c.objc; path = RealTimeData.m; sourceTree = "<group>"; };
		5BCE98871881945D00EEA687 /* HistoryData.h */ = {isa = PBXFileReference; fileEncoding = 4; lastKnownFileType = sourcecode.c.h; path = HistoryData.h; sourceTree = "<group>"; };
		5BCE98881881945D00EEA687 /* HistoryData.m */ = {isa = PBXFileReference; fileEncoding = 4; lastKnownFileType = sourcecode.c.objc; path = HistoryData.m; sourceTree = "<group>"; };
		5BE956381882E80300AE94AA /* RunRecord.h */ = {isa = PBXFileReference; fileEncoding = 4; lastKnownFileType = sourcecode.c.h; path = RunRecord.h; sourceTree = "<group>"; };
		5BE956391882E80300AE94AA /* RunRecord.m */ = {isa = PBXFileReference; fileEncoding = 4; lastKnownFileType = sourcecode.c.objc; path = RunRecord.m; sourceTree = "<group>"; };
		7022B94218B795E3005BEC22 /* ReserveService.h */ = {isa = PBXFileReference; fileEncoding = 4; lastKnownFileType = sourcecode.c.h; path = ReserveService.h; sourceTree = "<group>"; };
		7022B94318B795E3005BEC22 /* ReserveService.m */ = {isa = PBXFileReference; fileEncoding = 4; lastKnownFileType = sourcecode.c.objc; path = ReserveService.m; sourceTree = "<group>"; };
		7023031318B4D9B10052517E /* progress_bg.png */ = {isa = PBXFileReference; lastKnownFileType = image.png; path = progress_bg.png; sourceTree = "<group>"; };
		7023031418B4D9B10052517E /* progress_green_bg.png */ = {isa = PBXFileReference; lastKnownFileType = image.png; path = progress_green_bg.png; sourceTree = "<group>"; };
		7023031518B4D9B10052517E /* progress_red_bg.png */ = {isa = PBXFileReference; lastKnownFileType = image.png; path = progress_red_bg.png; sourceTree = "<group>"; };
		7023031618B4D9B10052517E /* progress_yello_bg.png */ = {isa = PBXFileReference; lastKnownFileType = image.png; path = progress_yello_bg.png; sourceTree = "<group>"; };
		7023031718B4D9B10052517E /* red_indicator.png */ = {isa = PBXFileReference; lastKnownFileType = image.png; path = red_indicator.png; sourceTree = "<group>"; };
		7023031818B4D9B10052517E /* yello_indicator.png */ = {isa = PBXFileReference; lastKnownFileType = image.png; path = yello_indicator.png; sourceTree = "<group>"; };
		7023031F18B4DA4A0052517E /* green_indicator.png */ = {isa = PBXFileReference; lastKnownFileType = image.png; path = green_indicator.png; sourceTree = "<group>"; };
		7025F5CA190413F3005A94E8 /* InputServerAddress.h */ = {isa = PBXFileReference; fileEncoding = 4; lastKnownFileType = sourcecode.c.h; path = InputServerAddress.h; sourceTree = "<group>"; };
		7025F5CB190413F3005A94E8 /* InputServerAddress.m */ = {isa = PBXFileReference; fileEncoding = 4; lastKnownFileType = sourcecode.c.objc; path = InputServerAddress.m; sourceTree = "<group>"; };
		7025F5CD19041A28005A94E8 /* InputServerAddress.storyboard */ = {isa = PBXFileReference; fileEncoding = 4; lastKnownFileType = file.storyboard; path = InputServerAddress.storyboard; sourceTree = "<group>"; };
		7028769E18A77C1400E39010 /* StockQuery.h */ = {isa = PBXFileReference; fileEncoding = 4; lastKnownFileType = sourcecode.c.h; path = StockQuery.h; sourceTree = "<group>"; };
		7028769F18A77C1400E39010 /* StockQuery.m */ = {isa = PBXFileReference; fileEncoding = 4; lastKnownFileType = sourcecode.c.objc; path = StockQuery.m; sourceTree = "<group>"; };
		702876A118A7926600E39010 /* inventory_list_indicator.png */ = {isa = PBXFileReference; lastKnownFileType = image.png; path = inventory_list_indicator.png; sourceTree = "<group>"; };
		702876A218A7926600E39010 /* inventory_supply_indicator.png */ = {isa = PBXFileReference; lastKnownFileType = image.png; path = inventory_supply_indicator.png; sourceTree = "<group>"; };
		702A0C0E18BA2C1700B60517 /* RealTimeData_LineChart.h */ = {isa = PBXFileReference; fileEncoding = 4; lastKnownFileType = sourcecode.c.h; path = RealTimeData_LineChart.h; sourceTree = "<group>"; };
		702A0C0F18BA2C1700B60517 /* RealTimeData_LineChart.m */ = {isa = PBXFileReference; fileEncoding = 4; lastKnownFileType = sourcecode.c.objc; path = RealTimeData_LineChart.m; sourceTree = "<group>"; };
		702A0C1118BA44FE00B60517 /* ReserveHistory.h */ = {isa = PBXFileReference; fileEncoding = 4; lastKnownFileType = sourcecode.c.h; path = ReserveHistory.h; sourceTree = "<group>"; };
		702A0C1218BA44FE00B60517 /* ReserveHistory.m */ = {isa = PBXFileReference; fileEncoding = 4; lastKnownFileType = sourcecode.c.objc; path = ReserveHistory.m; sourceTree = "<group>"; };
		702A0C1418BA4EA300B60517 /* ReserveHistoryDetail.h */ = {isa = PBXFileReference; fileEncoding = 4; lastKnownFileType = sourcecode.c.h; path = ReserveHistoryDetail.h; sourceTree = "<group>"; };
		702A0C1518BA4EA300B60517 /* ReserveHistoryDetail.m */ = {isa = PBXFileReference; fileEncoding = 4; lastKnownFileType = sourcecode.c.objc; path = ReserveHistoryDetail.m; sourceTree = "<group>"; };
		703C269C189E30F7007D1F90 /* UserInfoUpdate.h */ = {isa = PBXFileReference; fileEncoding = 4; lastKnownFileType = sourcecode.c.h; path = UserInfoUpdate.h; sourceTree = "<group>"; };
		703C269D189E30F7007D1F90 /* UserInfoUpdate.m */ = {isa = PBXFileReference; fileEncoding = 4; lastKnownFileType = sourcecode.c.objc; path = UserInfoUpdate.m; sourceTree = "<group>"; };
		704DA71F192883FE008F0CD1 /* Alarm_LineChart.h */ = {isa = PBXFileReference; fileEncoding = 4; lastKnownFileType = sourcecode.c.h; path = Alarm_LineChart.h; sourceTree = "<group>"; };
		704DA720192883FE008F0CD1 /* Alarm_LineChart.m */ = {isa = PBXFileReference; fileEncoding = 4; lastKnownFileType = sourcecode.c.objc; path = Alarm_LineChart.m; sourceTree = "<group>"; };
		704DA721192883FE008F0CD1 /* Alarm_LineChart.storyboard */ = {isa = PBXFileReference; fileEncoding = 4; lastKnownFileType = file.storyboard; path = Alarm_LineChart.storyboard; sourceTree = "<group>"; };
		704DA72419288B0A008F0CD1 /* aboutIcon72.png */ = {isa = PBXFileReference; lastKnownFileType = image.png; path = aboutIcon72.png; sourceTree = "<group>"; };
		704DA72519288B0A008F0CD1 /* Icon-57.png */ = {isa = PBXFileReference; lastKnownFileType = image.png; path = "Icon-57.png"; sourceTree = "<group>"; };
		704DA72619288B0A008F0CD1 /* Icon-114.png */ = {isa = PBXFileReference; lastKnownFileType = image.png; path = "Icon-114.png"; sourceTree = "<group>"; };
		704DA72719288B0A008F0CD1 /* Icon-120.png */ = {isa = PBXFileReference; lastKnownFileType = image.png; path = "Icon-120.png"; sourceTree = "<group>"; };
		704DA72C192893E9008F0CD1 /* NavLogin.h */ = {isa = PBXFileReference; fileEncoding = 4; lastKnownFileType = sourcecode.c.h; path = NavLogin.h; sourceTree = "<group>"; };
		704DA72D192893E9008F0CD1 /* NavLogin.m */ = {isa = PBXFileReference; fileEncoding = 4; lastKnownFileType = sourcecode.c.objc; path = NavLogin.m; sourceTree = "<group>"; };
		704DEA5818ABC211001896E7 /* RunRecord_TimeList.h */ = {isa = PBXFileReference; fileEncoding = 4; lastKnownFileType = sourcecode.c.h; path = RunRecord_TimeList.h; sourceTree = "<group>"; };
		704DEA5918ABC211001896E7 /* RunRecord_TimeList.m */ = {isa = PBXFileReference; fileEncoding = 4; lastKnownFileType = sourcecode.c.objc; path = RunRecord_TimeList.m; sourceTree = "<group>"; };
		704DEA5B18ABC5E1001896E7 /* RunRecordSB.storyboard */ = {isa = PBXFileReference; fileEncoding = 4; lastKnownFileType = file.storyboard; path = RunRecordSB.storyboard; sourceTree = "<group>"; };
		704DEA5D18ABD721001896E7 /* RunRecord_TimeList_Detail.h */ = {isa = PBXFileReference; fileEncoding = 4; lastKnownFileType = sourcecode.c.h; path = RunRecord_TimeList_Detail.h; sourceTree = "<group>"; };
		704DEA5E18ABD721001896E7 /* RunRecord_TimeList_Detail.m */ = {isa = PBXFileReference; fileEncoding = 4; lastKnownFileType = sourcecode.c.objc; path = RunRecord_TimeList_Detail.m; sourceTree = "<group>"; };
		704E97B418A919DF0043D907 /* About.h */ = {isa = PBXFileReference; fileEncoding = 4; lastKnownFileType = sourcecode.c.h; path = About.h; sourceTree = "<group>"; };
		704E97B518A919DF0043D907 /* About.m */ = {isa = PBXFileReference; fileEncoding = 4; lastKnownFileType = sourcecode.c.objc; path = About.m; sourceTree = "<group>"; };
		7064DB4B18A5075300894876 /* UserPwdUpdate.h */ = {isa = PBXFileReference; fileEncoding = 4; lastKnownFileType = sourcecode.c.h; path = UserPwdUpdate.h; sourceTree = "<group>"; };
		7064DB4C18A5075300894876 /* UserPwdUpdate.m */ = {isa = PBXFileReference; fileEncoding = 4; lastKnownFileType = sourcecode.c.objc; path = UserPwdUpdate.m; sourceTree = "<group>"; };
		706525A018A68DE8003928F5 /* AlarmInfoDetail.h */ = {isa = PBXFileReference; fileEncoding = 4; lastKnownFileType = sourcecode.c.h; path = AlarmInfoDetail.h; sourceTree = "<group>"; };
		706525A118A68DE8003928F5 /* AlarmInfoDetail.m */ = {isa = PBXFileReference; fileEncoding = 4; lastKnownFileType = sourcecode.c.objc; path = AlarmInfoDetail.m; sourceTree = "<group>"; };
		7065E1B618BCDDE90084B82D /* HistoryAlarm.h */ = {isa = PBXFileReference; fileEncoding = 4; lastKnownFileType = sourcecode.c.h; path = HistoryAlarm.h; sourceTree = "<group>"; };
		7065E1B718BCDDE90084B82D /* HistoryAlarm.m */ = {isa = PBXFileReference; fileEncoding = 4; lastKnownFileType = sourcecode.c.objc; path = HistoryAlarm.m; sourceTree = "<group>"; };
		7072D8B218B0F920004002C0 /* ServiceTime.h */ = {isa = PBXFileReference; fileEncoding = 4; lastKnownFileType = sourcecode.c.h; path = ServiceTime.h; sourceTree = "<group>"; };
		7072D8B318B0F920004002C0 /* ServiceTime.m */ = {isa = PBXFileReference; fileEncoding = 4; lastKnownFileType = sourcecode.c.objc; path = ServiceTime.m; sourceTree = "<group>"; };
		70A676731886B48C0008F78C /* base64.c */ = {isa = PBXFileReference; fileEncoding = 4; lastKnownFileType = sourcecode.c.c; path = base64.c; sourceTree = "<group>"; };
		70A676741886B48C0008F78C /* base64.h */ = {isa = PBXFileReference; fileEncoding = 4; lastKnownFileType = sourcecode.c.h; path = base64.h; sourceTree = "<group>"; };
		70A676751886B48C0008F78C /* NSData+SRB64Additions.h */ = {isa = PBXFileReference; fileEncoding = 4; lastKnownFileType = sourcecode.c.h; path = "NSData+SRB64Additions.h"; sourceTree = "<group>"; };
		70A676761886B48C0008F78C /* NSData+SRB64Additions.m */ = {isa = PBXFileReference; fileEncoding = 4; lastKnownFileType = sourcecode.c.objc; path = "NSData+SRB64Additions.m"; sourceTree = "<group>"; };
		70A676771886B48C0008F78C /* SocketRocket-Prefix.pch */ = {isa = PBXFileReference; fileEncoding = 4; lastKnownFileType = sourcecode.c.h; path = "SocketRocket-Prefix.pch"; sourceTree = "<group>"; };
		70A676781886B48C0008F78C /* SRWebSocket.h */ = {isa = PBXFileReference; fileEncoding = 4; lastKnownFileType = sourcecode.c.h; path = SRWebSocket.h; sourceTree = "<group>"; };
		70A676791886B48C0008F78C /* SRWebSocket.m */ = {isa = PBXFileReference; fileEncoding = 4; lastKnownFileType = sourcecode.c.objc; path = SRWebSocket.m; sourceTree = "<group>"; };
		70A6767D1886B5D20008F78C /* libicucore.dylib */ = {isa = PBXFileReference; lastKnownFileType = "compiled.mach-o.dylib"; name = libicucore.dylib; path = usr/lib/libicucore.dylib; sourceTree = SDKROOT; };
		70A6767F1886D2480008F78C /* UserInfo.h */ = {isa = PBXFileReference; fileEncoding = 4; lastKnownFileType = sourcecode.c.h; path = UserInfo.h; sourceTree = "<group>"; };
		70A676801886D2480008F78C /* UserInfo.m */ = {isa = PBXFileReference; fileEncoding = 4; lastKnownFileType = sourcecode.c.objc; path = UserInfo.m; sourceTree = "<group>"; };
		70A981BB189B8744001FC021 /* AlarmInfo.h */ = {isa = PBXFileReference; fileEncoding = 4; lastKnownFileType = sourcecode.c.h; path = AlarmInfo.h; sourceTree = "<group>"; };
		70A981BC189B8744001FC021 /* AlarmInfo.m */ = {isa = PBXFileReference; fileEncoding = 4; lastKnownFileType = sourcecode.c.objc; path = AlarmInfo.m; sourceTree = "<group>"; };
		70A981BE189B8A69001FC021 /* alarm_list_indicator.png */ = {isa = PBXFileReference; lastKnownFileType = image.png; path = alarm_list_indicator.png; sourceTree = "<group>"; };
		70AE0D2F18C0DBC6002C6C2D /* LCInfoView.h */ = {isa = PBXFileReference; fileEncoding = 4; lastKnownFileType = sourcecode.c.h; path = LCInfoView.h; sourceTree = "<group>"; };
		70AE0D3018C0DBC6002C6C2D /* LCInfoView.m */ = {isa = PBXFileReference; fileEncoding = 4; lastKnownFileType = sourcecode.c.objc; path = LCInfoView.m; sourceTree = "<group>"; };
		70AE0D3118C0DBC6002C6C2D /* LCLegendView.h */ = {isa = PBXFileReference; fileEncoding = 4; lastKnownFileType = sourcecode.c.h; path = LCLegendView.h; sourceTree = "<group>"; };
		70AE0D3218C0DBC6002C6C2D /* LCLegendView.m */ = {isa = PBXFileReference; fileEncoding = 4; lastKnownFileType = sourcecode.c.objc; path = LCLegendView.m; sourceTree = "<group>"; };
		70AE0D3318C0DBC6002C6C2D /* LCLineChartView.h */ = {isa = PBXFileReference; fileEncoding = 4; lastKnownFileType = sourcecode.c.h; path = LCLineChartView.h; sourceTree = "<group>"; };
		70AE0D3418C0DBC6002C6C2D /* LCLineChartView.m */ = {isa = PBXFileReference; fileEncoding = 4; lastKnownFileType = sourcecode.c.objc; path = LCLineChartView.m; sourceTree = "<group>"; };
		70AE0D3518C0DBC6002C6C2D /* UIKit+DrawingHelpers.h */ = {isa = PBXFileReference; fileEncoding = 4; lastKnownFileType = sourcecode.c.h; path = "UIKit+DrawingHelpers.h"; sourceTree = "<group>"; };
		70AE0D3618C0DBC6002C6C2D /* UIKit+DrawingHelpers.m */ = {isa = PBXFileReference; fileEncoding = 4; lastKnownFileType = sourcecode.c.objc; path = "UIKit+DrawingHelpers.m"; sourceTree = "<group>"; };
		70D97AB118E1C842000167EA /* SystemSetting.h */ = {isa = PBXFileReference; fileEncoding = 4; lastKnownFileType = sourcecode.c.h; path = SystemSetting.h; sourceTree = "<group>"; };
		70D97AB218E1C842000167EA /* SystemSetting.m */ = {isa = PBXFileReference; fileEncoding = 4; lastKnownFileType = sourcecode.c.objc; path = SystemSetting.m; sourceTree = "<group>"; };
/* End PBXFileReference section */

/* Begin PBXFrameworksBuildPhase section */
		5B64F6291875BEF0002C0404 /* Frameworks */ = {
			isa = PBXFrameworksBuildPhase;
			buildActionMask = 2147483647;
			files = (
				70A6767E1886B5D30008F78C /* libicucore.dylib in Frameworks */,
				5B64F6A518798560002C0404 /* Security.framework in Frameworks */,
				5B64F6A318798550002C0404 /* SystemConfiguration.framework in Frameworks */,
				5B64F6A11879853F002C0404 /* CFNetwork.framework in Frameworks */,
				5B64F6321875BEF1002C0404 /* CoreGraphics.framework in Frameworks */,
				5B64F6341875BEF1002C0404 /* UIKit.framework in Frameworks */,
				5B64F6301875BEF1002C0404 /* Foundation.framework in Frameworks */,
			);
			runOnlyForDeploymentPostprocessing = 0;
		};
		5B64F64A1875BEF6002C0404 /* Frameworks */ = {
			isa = PBXFrameworksBuildPhase;
			buildActionMask = 2147483647;
			files = (
				5B64F64F1875BEF6002C0404 /* XCTest.framework in Frameworks */,
				5B64F6511875BEF6002C0404 /* UIKit.framework in Frameworks */,
				5B64F6501875BEF6002C0404 /* Foundation.framework in Frameworks */,
			);
			runOnlyForDeploymentPostprocessing = 0;
		};
/* End PBXFrameworksBuildPhase section */

/* Begin PBXGroup section */
		5B64F6231875BEEC002C0404 = {
			isa = PBXGroup;
			children = (
				70AE0D2E18C0DBC6002C6C2D /* LineChart */,
				70A676721886B48C0008F78C /* SocketRocket */,
				5B64F67D18797C24002C0404 /* MBProgressHUD */,
				5B64F68018797C24002C0404 /* MKNetworkKit */,
				5B64F6351875BEF1002C0404 /* YSJViewer */,
				5B64F6B8187AFA89002C0404 /* Resource */,
				5B64F6541875BEF6002C0404 /* YSJViewerTests */,
				5B64F62E1875BEF0002C0404 /* Frameworks */,
				5B64F62D1875BEF0002C0404 /* Products */,
			);
			sourceTree = "<group>";
		};
		5B64F62D1875BEF0002C0404 /* Products */ = {
			isa = PBXGroup;
			children = (
				5B64F62C1875BEF0002C0404 /* YSJViewer.app */,
				5B64F64D1875BEF6002C0404 /* YSJViewerTests.xctest */,
			);
			name = Products;
			sourceTree = "<group>";
		};
		5B64F62E1875BEF0002C0404 /* Frameworks */ = {
			isa = PBXGroup;
			children = (
				70A6767D1886B5D20008F78C /* libicucore.dylib */,
				5B64F6A418798560002C0404 /* Security.framework */,
				5B64F6A218798550002C0404 /* SystemConfiguration.framework */,
				5B64F6A01879853E002C0404 /* CFNetwork.framework */,
				5B64F62F1875BEF0002C0404 /* Foundation.framework */,
				5B64F6311875BEF1002C0404 /* CoreGraphics.framework */,
				5B64F6331875BEF1002C0404 /* UIKit.framework */,
				5B64F64E1875BEF6002C0404 /* XCTest.framework */,
			);
			name = Frameworks;
			sourceTree = "<group>";
		};
		5B64F6351875BEF1002C0404 /* YSJViewer */ = {
			isa = PBXGroup;
			children = (
				5B64F63E1875BEF1002C0404 /* AppDelegate.h */,
				5B64F63F1875BEF1002C0404 /* AppDelegate.m */,
				347184D918878B95001EA5AB /* GlobalValue.h */,
				5B64F6411875BEF3002C0404 /* Main.storyboard */,
				7025F5CD19041A28005A94E8 /* InputServerAddress.storyboard */,
				3494FB13187BF63300FF8272 /* LoginStoryboard.storyboard */,
				704DEA5B18ABC5E1001896E7 /* RunRecordSB.storyboard */,
				3467B02118BF0DDF003084AA /* RTD_LineChart.storyboard */,
				704DA721192883FE008F0CD1 /* Alarm_LineChart.storyboard */,
				7025F5CA190413F3005A94E8 /* InputServerAddress.h */,
				7025F5CB190413F3005A94E8 /* InputServerAddress.m */,
				704DA72C192893E9008F0CD1 /* NavLogin.h */,
				704DA72D192893E9008F0CD1 /* NavLogin.m */,
				34160FD4187BE46A00A8BCF2 /* Login.h */,
				34160FD5187BE46A00A8BCF2 /* Login.m */,
				5B64F6441875BEF3002C0404 /* Home.h */,
				5B64F6451875BEF3002C0404 /* Home.m */,
				704E97B418A919DF0043D907 /* About.h */,
				704E97B518A919DF0043D907 /* About.m */,
				7028769E18A77C1400E39010 /* StockQuery.h */,
				7028769F18A77C1400E39010 /* StockQuery.m */,
				5B64F6771879437C002C0404 /* YSJ_List_TVC.h */,
				5B64F6781879437C002C0404 /* YSJ_List_TVC.m */,
				70A981BB189B8744001FC021 /* AlarmInfo.h */,
				70A981BC189B8744001FC021 /* AlarmInfo.m */,
				706525A018A68DE8003928F5 /* AlarmInfoDetail.h */,
				706525A118A68DE8003928F5 /* AlarmInfoDetail.m */,
				704DA71F192883FE008F0CD1 /* Alarm_LineChart.h */,
				704DA720192883FE008F0CD1 /* Alarm_LineChart.m */,
				5B64F67A187962D8002C0404 /* YSJ_InfoMenu.h */,
				5B64F67B187962D9002C0404 /* YSJ_InfoMenu.m */,
				5B64F6D7187B13CB002C0404 /* RealTimeData.h */,
				5B64F6D8187B13CB002C0404 /* RealTimeData.m */,
				702A0C0E18BA2C1700B60517 /* RealTimeData_LineChart.h */,
				702A0C0F18BA2C1700B60517 /* RealTimeData_LineChart.m */,
				5BE956381882E80300AE94AA /* RunRecord.h */,
				5BE956391882E80300AE94AA /* RunRecord.m */,
				704DEA5818ABC211001896E7 /* RunRecord_TimeList.h */,
				704DEA5918ABC211001896E7 /* RunRecord_TimeList.m */,
				704DEA5D18ABD721001896E7 /* RunRecord_TimeList_Detail.h */,
				704DEA5E18ABD721001896E7 /* RunRecord_TimeList_Detail.m */,
				7072D8B218B0F920004002C0 /* ServiceTime.h */,
				7072D8B318B0F920004002C0 /* ServiceTime.m */,
				5BCE98871881945D00EEA687 /* HistoryData.h */,
				5BCE98881881945D00EEA687 /* HistoryData.m */,
				7022B94218B795E3005BEC22 /* ReserveService.h */,
				7022B94318B795E3005BEC22 /* ReserveService.m */,
				702A0C1118BA44FE00B60517 /* ReserveHistory.h */,
				702A0C1218BA44FE00B60517 /* ReserveHistory.m */,
				702A0C1418BA4EA300B60517 /* ReserveHistoryDetail.h */,
				702A0C1518BA4EA300B60517 /* ReserveHistoryDetail.m */,
				3453511A18D6CD860011B9A8 /* Home_ReserveService.h */,
				3453511B18D6CD860011B9A8 /* Home_ReserveService.m */,
				7065E1B618BCDDE90084B82D /* HistoryAlarm.h */,
				7065E1B718BCDDE90084B82D /* HistoryAlarm.m */,
				70A6767F1886D2480008F78C /* UserInfo.h */,
				70A676801886D2480008F78C /* UserInfo.m */,
				703C269C189E30F7007D1F90 /* UserInfoUpdate.h */,
				703C269D189E30F7007D1F90 /* UserInfoUpdate.m */,
				7064DB4B18A5075300894876 /* UserPwdUpdate.h */,
				7064DB4C18A5075300894876 /* UserPwdUpdate.m */,
				70D97AB118E1C842000167EA /* SystemSetting.h */,
				70D97AB218E1C842000167EA /* SystemSetting.m */,
				5B64F6471875BEF4002C0404 /* Images.xcassets */,
				5B64F6361875BEF1002C0404 /* Supporting Files */,
			);
			path = YSJViewer;
			sourceTree = "<group>";
		};
		5B64F6361875BEF1002C0404 /* Supporting Files */ = {
			isa = PBXGroup;
			children = (
				5B64F6371875BEF1002C0404 /* YSJViewer-Info.plist */,
				5B64F6381875BEF1002C0404 /* InfoPlist.strings */,
				5B64F63B1875BEF1002C0404 /* main.m */,
				5B64F63D1875BEF1002C0404 /* YSJViewer-Prefix.pch */,
			);
			name = "Supporting Files";
			sourceTree = "<group>";
		};
		5B64F6541875BEF6002C0404 /* YSJViewerTests */ = {
			isa = PBXGroup;
			children = (
				5B64F65A1875BEF6002C0404 /* YSJViewerTests.m */,
				5B64F6551875BEF6002C0404 /* Supporting Files */,
			);
			path = YSJViewerTests;
			sourceTree = "<group>";
		};
		5B64F6551875BEF6002C0404 /* Supporting Files */ = {
			isa = PBXGroup;
			children = (
				5B64F6561875BEF6002C0404 /* YSJViewerTests-Info.plist */,
				5B64F6571875BEF6002C0404 /* InfoPlist.strings */,
			);
			name = "Supporting Files";
			sourceTree = "<group>";
		};
		5B64F67D18797C24002C0404 /* MBProgressHUD */ = {
			isa = PBXGroup;
			children = (
				5B64F67E18797C24002C0404 /* MBProgressHUD.h */,
				5B64F67F18797C24002C0404 /* MBProgressHUD.m */,
			);
			path = MBProgressHUD;
			sourceTree = "<group>";
		};
		5B64F68018797C24002C0404 /* MKNetworkKit */ = {
			isa = PBXGroup;
			children = (
				5B64F68118797C24002C0404 /* Categories */,
				5B64F68E18797C24002C0404 /* MKNetworkEngine.h */,
				5B64F68F18797C24002C0404 /* MKNetworkEngine.m */,
				5B64F69018797C24002C0404 /* MKNetworkKit.h */,
				5B64F69118797C24002C0404 /* MKNetworkOperation.h */,
				5B64F69218797C24002C0404 /* MKNetworkOperation.m */,
				5B64F69318797C24002C0404 /* Reachability */,
			);
			path = MKNetworkKit;
			sourceTree = "<group>";
		};
		5B64F68118797C24002C0404 /* Categories */ = {
			isa = PBXGroup;
			children = (
				5B64F68218797C24002C0404 /* NSData+MKBase64.h */,
				5B64F68318797C24002C0404 /* NSData+MKBase64.m */,
				5B64F68418797C24002C0404 /* NSDate+RFC1123.h */,
				5B64F68518797C24002C0404 /* NSDate+RFC1123.m */,
				5B64F68618797C24002C0404 /* NSDictionary+RequestEncoding.h */,
				5B64F68718797C24002C0404 /* NSDictionary+RequestEncoding.m */,
				5B64F68818797C24002C0404 /* NSString+MKNetworkKitAdditions.h */,
				5B64F68918797C24002C0404 /* NSString+MKNetworkKitAdditions.m */,
				5B64F68A18797C24002C0404 /* UIAlertView+MKNetworkKitAdditions.h */,
				5B64F68B18797C24002C0404 /* UIAlertView+MKNetworkKitAdditions.m */,
				5B64F68C18797C24002C0404 /* UIImageView+MKNetworkKitAdditions.h */,
				5B64F68D18797C24002C0404 /* UIImageView+MKNetworkKitAdditions.m */,
			);
			path = Categories;
			sourceTree = "<group>";
		};
		5B64F69318797C24002C0404 /* Reachability */ = {
			isa = PBXGroup;
			children = (
				5B64F69418797C24002C0404 /* Reachability.h */,
				5B64F69518797C24002C0404 /* Reachability.m */,
			);
			path = Reachability;
			sourceTree = "<group>";
		};
		5B64F6B8187AFA89002C0404 /* Resource */ = {
			isa = PBXGroup;
			children = (
				704DA72419288B0A008F0CD1 /* aboutIcon72.png */,
				704DA72519288B0A008F0CD1 /* Icon-57.png */,
				704DA72619288B0A008F0CD1 /* Icon-114.png */,
				704DA72719288B0A008F0CD1 /* Icon-120.png */,
				7023031318B4D9B10052517E /* progress_bg.png */,
				7023031418B4D9B10052517E /* progress_green_bg.png */,
				7023031518B4D9B10052517E /* progress_red_bg.png */,
				7023031618B4D9B10052517E /* progress_yello_bg.png */,
				7023031F18B4DA4A0052517E /* green_indicator.png */,
				7023031718B4D9B10052517E /* red_indicator.png */,
				7023031818B4D9B10052517E /* yello_indicator.png */,
				702876A118A7926600E39010 /* inventory_list_indicator.png */,
				702876A218A7926600E39010 /* inventory_supply_indicator.png */,
				70A981BE189B8A69001FC021 /* alarm_list_indicator.png */,
				347184E21887D26B001EA5AB /* ic_launcher.png */,
				347184DE1887D0BC001EA5AB /* updateinfo_indicatro.png */,
				347184DF1887D0BC001EA5AB /* updatepwd_indicatro.png */,
				347184DA1887CF36001EA5AB /* icon_setting_about.png */,
				347184DB1887CF36001EA5AB /* icon_setting_apps.png */,
				34160FD0187BE39300A8BCF2 /* login_icon.png */,
				34160FD1187BE39300A8BCF2 /* BtnImg_Login.png */,
				5B64F6B9187AFA89002C0404 /* background.png */,
				5B64F6BA187AFA89002C0404 /* BtnImg_AlarmInfo.png */,
				5B64F6BB187AFA89002C0404 /* BtnImg_DeviceMonitor.png */,
				5B64F6BC187AFA89002C0404 /* BtnImg_ReserveService.png */,
				5B64F6BD187AFA89002C0404 /* BtnImg_StorageList.png */,
				5B64F6BE187AFA89002C0404 /* BtnImg_SystemSetting.png */,
				5B64F6BF187AFA89002C0404 /* BtnImg_UserInfo.png */,
				5B64F6C0187AFA89002C0404 /* Icon_HistoryAlarm.png */,
				5B64F6C1187AFA89002C0404 /* Icon_HistoryData.png */,
				5B64F6C2187AFA89002C0404 /* Icon_HistoryReserve.png */,
				5B64F6C3187AFA89002C0404 /* Icon_RealTimeData.png */,
				5B64F6C4187AFA89002C0404 /* Icon_ReserveService.png */,
				5B64F6C5187AFA89002C0404 /* Icon_RunRecord.png */,
				5B64F6C6187AFA89002C0404 /* Icon_ServiceTime.png */,
				5B64F6C7187AFA89002C0404 /* Icon_YSJ_List.png */,
			);
			name = Resource;
			path = YSJViewer/Resource;
			sourceTree = "<group>";
		};
		70A676721886B48C0008F78C /* SocketRocket */ = {
			isa = PBXGroup;
			children = (
				70A676731886B48C0008F78C /* base64.c */,
				70A676741886B48C0008F78C /* base64.h */,
				70A676751886B48C0008F78C /* NSData+SRB64Additions.h */,
				70A676761886B48C0008F78C /* NSData+SRB64Additions.m */,
				70A676771886B48C0008F78C /* SocketRocket-Prefix.pch */,
				70A676781886B48C0008F78C /* SRWebSocket.h */,
				70A676791886B48C0008F78C /* SRWebSocket.m */,
			);
			path = SocketRocket;
			sourceTree = "<group>";
		};
		70AE0D2E18C0DBC6002C6C2D /* LineChart */ = {
			isa = PBXGroup;
			children = (
				70AE0D2F18C0DBC6002C6C2D /* LCInfoView.h */,
				70AE0D3018C0DBC6002C6C2D /* LCInfoView.m */,
				70AE0D3118C0DBC6002C6C2D /* LCLegendView.h */,
				70AE0D3218C0DBC6002C6C2D /* LCLegendView.m */,
				70AE0D3318C0DBC6002C6C2D /* LCLineChartView.h */,
				70AE0D3418C0DBC6002C6C2D /* LCLineChartView.m */,
				70AE0D3518C0DBC6002C6C2D /* UIKit+DrawingHelpers.h */,
				70AE0D3618C0DBC6002C6C2D /* UIKit+DrawingHelpers.m */,
			);
			path = LineChart;
			sourceTree = "<group>";
		};
/* End PBXGroup section */

/* Begin PBXNativeTarget section */
		5B64F62B1875BEF0002C0404 /* YSJViewer */ = {
			isa = PBXNativeTarget;
			buildConfigurationList = 5B64F65E1875BEF7002C0404 /* Build configuration list for PBXNativeTarget "YSJViewer" */;
			buildPhases = (
				5B64F6281875BEF0002C0404 /* Sources */,
				5B64F6291875BEF0002C0404 /* Frameworks */,
				5B64F62A1875BEF0002C0404 /* Resources */,
			);
			buildRules = (
			);
			dependencies = (
			);
			name = YSJViewer;
			productName = YSJViewer;
			productReference = 5B64F62C1875BEF0002C0404 /* YSJViewer.app */;
			productType = "com.apple.product-type.application";
		};
		5B64F64C1875BEF6002C0404 /* YSJViewerTests */ = {
			isa = PBXNativeTarget;
			buildConfigurationList = 5B64F6611875BEF7002C0404 /* Build configuration list for PBXNativeTarget "YSJViewerTests" */;
			buildPhases = (
				5B64F6491875BEF6002C0404 /* Sources */,
				5B64F64A1875BEF6002C0404 /* Frameworks */,
				5B64F64B1875BEF6002C0404 /* Resources */,
			);
			buildRules = (
			);
			dependencies = (
				5B64F6531875BEF6002C0404 /* PBXTargetDependency */,
			);
			name = YSJViewerTests;
			productName = YSJViewerTests;
			productReference = 5B64F64D1875BEF6002C0404 /* YSJViewerTests.xctest */;
			productType = "com.apple.product-type.bundle.unit-test";
		};
/* End PBXNativeTarget section */

/* Begin PBXProject section */
		5B64F6241875BEEC002C0404 /* Project object */ = {
			isa = PBXProject;
			attributes = {
				LastUpgradeCheck = 0500;
				ORGANIZATIONNAME = "Reload Digital Tech.";
				TargetAttributes = {
					5B64F62B1875BEF0002C0404 = {
						DevelopmentTeam = C97N8GQQCF;
					};
					5B64F64C1875BEF6002C0404 = {
						TestTargetID = 5B64F62B1875BEF0002C0404;
					};
				};
			};
			buildConfigurationList = 5B64F6271875BEEE002C0404 /* Build configuration list for PBXProject "YSJViewer" */;
			compatibilityVersion = "Xcode 3.2";
			developmentRegion = English;
			hasScannedForEncodings = 0;
			knownRegions = (
				en,
				Base,
			);
			mainGroup = 5B64F6231875BEEC002C0404;
			productRefGroup = 5B64F62D1875BEF0002C0404 /* Products */;
			projectDirPath = "";
			projectRoot = "";
			targets = (
				5B64F62B1875BEF0002C0404 /* YSJViewer */,
				5B64F64C1875BEF6002C0404 /* YSJViewerTests */,
			);
		};
/* End PBXProject section */

/* Begin PBXResourcesBuildPhase section */
		5B64F62A1875BEF0002C0404 /* Resources */ = {
			isa = PBXResourcesBuildPhase;
			buildActionMask = 2147483647;
			files = (
				5B64F6481875BEF4002C0404 /* Images.xcassets in Resources */,
				34160FD3187BE39300A8BCF2 /* BtnImg_Login.png in Resources */,
				5B64F6D4187AFA8A002C0404 /* Icon_RunRecord.png in Resources */,
				5B64F6CF187AFA8A002C0404 /* Icon_HistoryAlarm.png in Resources */,
				5B64F6C8187AFA89002C0404 /* background.png in Resources */,
				5B64F6CC187AFA8A002C0404 /* BtnImg_StorageList.png in Resources */,
				5B64F63A1875BEF1002C0404 /* InfoPlist.strings in Resources */,
				7025F5CE19041A28005A94E8 /* InputServerAddress.storyboard in Resources */,
				5B64F6C9187AFA8A002C0404 /* BtnImg_AlarmInfo.png in Resources */,
				5B64F6CB187AFA8A002C0404 /* BtnImg_ReserveService.png in Resources */,
				7023032018B4DA4A0052517E /* green_indicator.png in Resources */,
				5B64F6D3187AFA8A002C0404 /* Icon_ReserveService.png in Resources */,
				704DA72B19288B0A008F0CD1 /* Icon-120.png in Resources */,
				704DEA5C18ABC5E1001896E7 /* RunRecordSB.storyboard in Resources */,
				5B64F6431875BEF3002C0404 /* Main.storyboard in Resources */,
				704DA72819288B0A008F0CD1 /* aboutIcon72.png in Resources */,
				7023031D18B4D9B10052517E /* red_indicator.png in Resources */,
				7023031918B4D9B10052517E /* progress_bg.png in Resources */,
				5B64F6CE187AFA8A002C0404 /* BtnImg_UserInfo.png in Resources */,
				5B64F6CA187AFA8A002C0404 /* BtnImg_DeviceMonitor.png in Resources */,
				5B64F6CD187AFA8A002C0404 /* BtnImg_SystemSetting.png in Resources */,
				5B64F6D6187AFA8A002C0404 /* Icon_YSJ_List.png in Resources */,
				347184E31887D26B001EA5AB /* ic_launcher.png in Resources */,
				7023031B18B4D9B10052517E /* progress_red_bg.png in Resources */,
				34160FD2187BE39300A8BCF2 /* login_icon.png in Resources */,
				5B64F6D2187AFA8A002C0404 /* Icon_RealTimeData.png in Resources */,
				347184DC1887CF36001EA5AB /* icon_setting_about.png in Resources */,
				7023031A18B4D9B10052517E /* progress_green_bg.png in Resources */,
				702876A418A7926600E39010 /* inventory_supply_indicator.png in Resources */,
				5B64F6D5187AFA8A002C0404 /* Icon_ServiceTime.png in Resources */,
				702876A318A7926600E39010 /* inventory_list_indicator.png in Resources */,
				3494FB14187BF63300FF8272 /* LoginStoryboard.storyboard in Resources */,
				347184DD1887CF36001EA5AB /* icon_setting_apps.png in Resources */,
				704DA72919288B0A008F0CD1 /* Icon-57.png in Resources */,
				3467B02218BF0DDF003084AA /* RTD_LineChart.storyboard in Resources */,
				704DA72A19288B0A008F0CD1 /* Icon-114.png in Resources */,
				5B64F6D0187AFA8A002C0404 /* Icon_HistoryData.png in Resources */,
				70A981BF189B8A69001FC021 /* alarm_list_indicator.png in Resources */,
				7023031E18B4D9B10052517E /* yello_indicator.png in Resources */,
				347184E01887D0BC001EA5AB /* updateinfo_indicatro.png in Resources */,
				7023031C18B4D9B10052517E /* progress_yello_bg.png in Resources */,
				347184E11887D0BC001EA5AB /* updatepwd_indicatro.png in Resources */,
				5B64F6D1187AFA8A002C0404 /* Icon_HistoryReserve.png in Resources */,
				704DA723192883FE008F0CD1 /* Alarm_LineChart.storyboard in Resources */,
			);
			runOnlyForDeploymentPostprocessing = 0;
		};
		5B64F64B1875BEF6002C0404 /* Resources */ = {
			isa = PBXResourcesBuildPhase;
			buildActionMask = 2147483647;
			files = (
				5B64F6591875BEF6002C0404 /* InfoPlist.strings in Resources */,
			);
			runOnlyForDeploymentPostprocessing = 0;
		};
/* End PBXResourcesBuildPhase section */

/* Begin PBXSourcesBuildPhase section */
		5B64F6281875BEF0002C0404 /* Sources */ = {
			isa = PBXSourcesBuildPhase;
			buildActionMask = 2147483647;
			files = (
				7065E1B818BCDDE90084B82D /* HistoryAlarm.m in Sources */,
				7022B94418B795E3005BEC22 /* ReserveService.m in Sources */,
				5BCE98891881945D00EEA687 /* HistoryData.m in Sources */,
				704DEA5A18ABC211001896E7 /* RunRecord_TimeList.m in Sources */,
				5B64F6461875BEF3002C0404 /* Home.m in Sources */,
				704DA72E192893E9008F0CD1 /* NavLogin.m in Sources */,
				5B64F69918797C24002C0404 /* NSDictionary+RequestEncoding.m in Sources */,
				7025F5CC190413F3005A94E8 /* InputServerAddress.m in Sources */,
				702A0C1318BA44FE00B60517 /* ReserveHistory.m in Sources */,
				704DA722192883FE008F0CD1 /* Alarm_LineChart.m in Sources */,
				5B64F69D18797C24002C0404 /* MKNetworkEngine.m in Sources */,
				70AE0D3918C0DBC6002C6C2D /* LCLineChartView.m in Sources */,
				5B64F69C18797C24002C0404 /* UIImageView+MKNetworkKitAdditions.m in Sources */,
				706525A218A68DE8003928F5 /* AlarmInfoDetail.m in Sources */,
				3453511C18D6CD860011B9A8 /* Home_ReserveService.m in Sources */,
				5B64F69F18797C24002C0404 /* Reachability.m in Sources */,
				7072D8B418B0F920004002C0 /* ServiceTime.m in Sources */,
				5BE9563A1882E80300AE94AA /* RunRecord.m in Sources */,
				34160FD6187BE46A00A8BCF2 /* Login.m in Sources */,
				70A676811886D2480008F78C /* UserInfo.m in Sources */,
				703C269E189E30F7007D1F90 /* UserInfoUpdate.m in Sources */,
				70D97AB318E1C842000167EA /* SystemSetting.m in Sources */,
				5B64F69B18797C24002C0404 /* UIAlertView+MKNetworkKitAdditions.m in Sources */,
				5B64F6D9187B13CB002C0404 /* RealTimeData.m in Sources */,
				702A0C1018BA2C1700B60517 /* RealTimeData_LineChart.m in Sources */,
				702876A018A77C1400E39010 /* StockQuery.m in Sources */,
				70AE0D3718C0DBC6002C6C2D /* LCInfoView.m in Sources */,
				70A6767A1886B48C0008F78C /* base64.c in Sources */,
				5B64F69618797C24002C0404 /* MBProgressHUD.m in Sources */,
				5B64F67C187962D9002C0404 /* YSJ_InfoMenu.m in Sources */,
				5B64F6401875BEF1002C0404 /* AppDelegate.m in Sources */,
				5B64F6791879437C002C0404 /* YSJ_List_TVC.m in Sources */,
				70A6767B1886B48C0008F78C /* NSData+SRB64Additions.m in Sources */,
				70A6767C1886B48C0008F78C /* SRWebSocket.m in Sources */,
				702A0C1618BA4EA300B60517 /* ReserveHistoryDetail.m in Sources */,
				5B64F69718797C24002C0404 /* NSData+MKBase64.m in Sources */,
				704DEA5F18ABD721001896E7 /* RunRecord_TimeList_Detail.m in Sources */,
				5B64F69E18797C24002C0404 /* MKNetworkOperation.m in Sources */,
				70AE0D3818C0DBC6002C6C2D /* LCLegendView.m in Sources */,
				5B64F63C1875BEF1002C0404 /* main.m in Sources */,
				70AE0D3A18C0DBC6002C6C2D /* UIKit+DrawingHelpers.m in Sources */,
				5B64F69A18797C24002C0404 /* NSString+MKNetworkKitAdditions.m in Sources */,
				704E97B618A919DF0043D907 /* About.m in Sources */,
				5B64F69818797C24002C0404 /* NSDate+RFC1123.m in Sources */,
				70A981BD189B8744001FC021 /* AlarmInfo.m in Sources */,
				7064DB4D18A5075300894876 /* UserPwdUpdate.m in Sources */,
			);
			runOnlyForDeploymentPostprocessing = 0;
		};
		5B64F6491875BEF6002C0404 /* Sources */ = {
			isa = PBXSourcesBuildPhase;
			buildActionMask = 2147483647;
			files = (
				5B64F65B1875BEF6002C0404 /* YSJViewerTests.m in Sources */,
			);
			runOnlyForDeploymentPostprocessing = 0;
		};
/* End PBXSourcesBuildPhase section */

/* Begin PBXTargetDependency section */
		5B64F6531875BEF6002C0404 /* PBXTargetDependency */ = {
			isa = PBXTargetDependency;
			target = 5B64F62B1875BEF0002C0404 /* YSJViewer */;
			targetProxy = 5B64F6521875BEF6002C0404 /* PBXContainerItemProxy */;
		};
/* End PBXTargetDependency section */

/* Begin PBXVariantGroup section */
		5B64F6381875BEF1002C0404 /* InfoPlist.strings */ = {
			isa = PBXVariantGroup;
			children = (
				5B64F6391875BEF1002C0404 /* en */,
			);
			name = InfoPlist.strings;
			sourceTree = "<group>";
		};
		5B64F6411875BEF3002C0404 /* Main.storyboard */ = {
			isa = PBXVariantGroup;
			children = (
				5B64F6421875BEF3002C0404 /* Base */,
			);
			name = Main.storyboard;
			sourceTree = "<group>";
		};
		5B64F6571875BEF6002C0404 /* InfoPlist.strings */ = {
			isa = PBXVariantGroup;
			children = (
				5B64F6581875BEF6002C0404 /* en */,
			);
			name = InfoPlist.strings;
			sourceTree = "<group>";
		};
/* End PBXVariantGroup section */

/* Begin XCBuildConfiguration section */
		5B64F65C1875BEF7002C0404 /* Debug */ = {
			isa = XCBuildConfiguration;
			buildSettings = {
				ALWAYS_SEARCH_USER_PATHS = NO;
				ARCHS = "$(ARCHS_STANDARD_INCLUDING_64_BIT)";
				CLANG_CXX_LANGUAGE_STANDARD = "gnu++0x";
				CLANG_CXX_LIBRARY = "libc++";
				CLANG_ENABLE_MODULES = YES;
				CLANG_ENABLE_OBJC_ARC = YES;
				CLANG_WARN_BOOL_CONVERSION = YES;
				CLANG_WARN_CONSTANT_CONVERSION = YES;
				CLANG_WARN_DIRECT_OBJC_ISA_USAGE = YES_ERROR;
				CLANG_WARN_EMPTY_BODY = YES;
				CLANG_WARN_ENUM_CONVERSION = YES;
				CLANG_WARN_INT_CONVERSION = YES;
				CLANG_WARN_OBJC_ROOT_CLASS = YES_ERROR;
				CLANG_WARN__DUPLICATE_METHOD_MATCH = YES;
				"CODE_SIGN_IDENTITY[sdk=iphoneos*]" = "iPhone Developer";
				COPY_PHASE_STRIP = NO;
				GCC_C_LANGUAGE_STANDARD = gnu99;
				GCC_DYNAMIC_NO_PIC = NO;
				GCC_OPTIMIZATION_LEVEL = 0;
				GCC_PREPROCESSOR_DEFINITIONS = (
					"DEBUG=1",
					"$(inherited)",
				);
				GCC_SYMBOLS_PRIVATE_EXTERN = NO;
				GCC_WARN_64_TO_32_BIT_CONVERSION = YES;
				GCC_WARN_ABOUT_RETURN_TYPE = YES_ERROR;
				GCC_WARN_UNDECLARED_SELECTOR = YES;
				GCC_WARN_UNINITIALIZED_AUTOS = YES;
				GCC_WARN_UNUSED_FUNCTION = YES;
				GCC_WARN_UNUSED_VARIABLE = YES;
				IPHONEOS_DEPLOYMENT_TARGET = 6.0;
				ONLY_ACTIVE_ARCH = YES;
				SDKROOT = iphoneos;
			};
			name = Debug;
		};
		5B64F65D1875BEF7002C0404 /* Release */ = {
			isa = XCBuildConfiguration;
			buildSettings = {
				ALWAYS_SEARCH_USER_PATHS = NO;
				ARCHS = "$(ARCHS_STANDARD_INCLUDING_64_BIT)";
				CLANG_CXX_LANGUAGE_STANDARD = "gnu++0x";
				CLANG_CXX_LIBRARY = "libc++";
				CLANG_ENABLE_MODULES = YES;
				CLANG_ENABLE_OBJC_ARC = YES;
				CLANG_WARN_BOOL_CONVERSION = YES;
				CLANG_WARN_CONSTANT_CONVERSION = YES;
				CLANG_WARN_DIRECT_OBJC_ISA_USAGE = YES_ERROR;
				CLANG_WARN_EMPTY_BODY = YES;
				CLANG_WARN_ENUM_CONVERSION = YES;
				CLANG_WARN_INT_CONVERSION = YES;
				CLANG_WARN_OBJC_ROOT_CLASS = YES_ERROR;
				CLANG_WARN__DUPLICATE_METHOD_MATCH = YES;
				"CODE_SIGN_IDENTITY[sdk=iphoneos*]" = "iPhone Distribution";
				COPY_PHASE_STRIP = YES;
				ENABLE_NS_ASSERTIONS = NO;
				GCC_C_LANGUAGE_STANDARD = gnu99;
				GCC_WARN_64_TO_32_BIT_CONVERSION = YES;
				GCC_WARN_ABOUT_RETURN_TYPE = YES_ERROR;
				GCC_WARN_UNDECLARED_SELECTOR = YES;
				GCC_WARN_UNINITIALIZED_AUTOS = YES;
				GCC_WARN_UNUSED_FUNCTION = YES;
				GCC_WARN_UNUSED_VARIABLE = YES;
				IPHONEOS_DEPLOYMENT_TARGET = 6.0;
				SDKROOT = iphoneos;
				VALIDATE_PRODUCT = YES;
			};
			name = Release;
		};
		5B64F65F1875BEF7002C0404 /* Debug */ = {
			isa = XCBuildConfiguration;
			buildSettings = {
				ASSETCATALOG_COMPILER_APPICON_NAME = AppIcon;
				ASSETCATALOG_COMPILER_LAUNCHIMAGE_NAME = LaunchImage;
				CODE_SIGN_IDENTITY = "";
				"CODE_SIGN_IDENTITY[sdk=iphoneos*]" = "iPhone Developer";
				GCC_PRECOMPILE_PREFIX_HEADER = YES;
				GCC_PREFIX_HEADER = "YSJViewer/YSJViewer-Prefix.pch";
				INFOPLIST_FILE = "YSJViewer/YSJViewer-Info.plist";
				PRODUCT_NAME = "$(TARGET_NAME)";
				PROVISIONING_PROFILE = "";
				WRAPPER_EXTENSION = app;
			};
			name = Debug;
		};
		5B64F6601875BEF7002C0404 /* Release */ = {
			isa = XCBuildConfiguration;
			buildSettings = {
				ASSETCATALOG_COMPILER_APPICON_NAME = AppIcon;
				ASSETCATALOG_COMPILER_LAUNCHIMAGE_NAME = LaunchImage;
				CODE_SIGN_IDENTITY = "";
				"CODE_SIGN_IDENTITY[sdk=iphoneos*]" = "iPhone Distribution";
				GCC_PRECOMPILE_PREFIX_HEADER = YES;
				GCC_PREFIX_HEADER = "YSJViewer/YSJViewer-Prefix.pch";
				INFOPLIST_FILE = "YSJViewer/YSJViewer-Info.plist";
				PRODUCT_NAME = "$(TARGET_NAME)";
				PROVISIONING_PROFILE = "";
				WRAPPER_EXTENSION = app;
			};
			name = Release;
		};
		5B64F6621875BEF7002C0404 /* Debug */ = {
			isa = XCBuildConfiguration;
			buildSettings = {
				ARCHS = "$(ARCHS_STANDARD_INCLUDING_64_BIT)";
				BUNDLE_LOADER = "$(BUILT_PRODUCTS_DIR)/YSJViewer.app/YSJViewer";
				FRAMEWORK_SEARCH_PATHS = (
					"$(SDKROOT)/Developer/Library/Frameworks",
					"$(inherited)",
					"$(DEVELOPER_FRAMEWORKS_DIR)",
				);
				GCC_PRECOMPILE_PREFIX_HEADER = YES;
				GCC_PREFIX_HEADER = "YSJViewer/YSJViewer-Prefix.pch";
				GCC_PREPROCESSOR_DEFINITIONS = (
					"DEBUG=1",
					"$(inherited)",
				);
				INFOPLIST_FILE = "YSJViewerTests/YSJViewerTests-Info.plist";
				PRODUCT_NAME = "$(TARGET_NAME)";
				TEST_HOST = "$(BUNDLE_LOADER)";
				WRAPPER_EXTENSION = xctest;
			};
			name = Debug;
		};
		5B64F6631875BEF7002C0404 /* Release */ = {
			isa = XCBuildConfiguration;
			buildSettings = {
				ARCHS = "$(ARCHS_STANDARD_INCLUDING_64_BIT)";
				BUNDLE_LOADER = "$(BUILT_PRODUCTS_DIR)/YSJViewer.app/YSJViewer";
				FRAMEWORK_SEARCH_PATHS = (
					"$(SDKROOT)/Developer/Library/Frameworks",
					"$(inherited)",
					"$(DEVELOPER_FRAMEWORKS_DIR)",
				);
				GCC_PRECOMPILE_PREFIX_HEADER = YES;
				GCC_PREFIX_HEADER = "YSJViewer/YSJViewer-Prefix.pch";
				INFOPLIST_FILE = "YSJViewerTests/YSJViewerTests-Info.plist";
				PRODUCT_NAME = "$(TARGET_NAME)";
				TEST_HOST = "$(BUNDLE_LOADER)";
				WRAPPER_EXTENSION = xctest;
			};
			name = Release;
		};
/* End XCBuildConfiguration section */

/* Begin XCConfigurationList section */
		5B64F6271875BEEE002C0404 /* Build configuration list for PBXProject "YSJViewer" */ = {
			isa = XCConfigurationList;
			buildConfigurations = (
				5B64F65C1875BEF7002C0404 /* Debug */,
				5B64F65D1875BEF7002C0404 /* Release */,
			);
			defaultConfigurationIsVisible = 0;
			defaultConfigurationName = Release;
		};
		5B64F65E1875BEF7002C0404 /* Build configuration list for PBXNativeTarget "YSJViewer" */ = {
			isa = XCConfigurationList;
			buildConfigurations = (
				5B64F65F1875BEF7002C0404 /* Debug */,
				5B64F6601875BEF7002C0404 /* Release */,
			);
			defaultConfigurationIsVisible = 0;
			defaultConfigurationName = Release;
		};
		5B64F6611875BEF7002C0404 /* Build configuration list for PBXNativeTarget "YSJViewerTests" */ = {
			isa = XCConfigurationList;
			buildConfigurations = (
				5B64F6621875BEF7002C0404 /* Debug */,
				5B64F6631875BEF7002C0404 /* Release */,
			);
			defaultConfigurationIsVisible = 0;
			defaultConfigurationName = Release;
		};
/* End XCConfigurationList section */
	};
	rootObject = 5B64F6241875BEEC002C0404 /* Project object */;
}
